// !$*UTF8*$!
{
	archiveVersion = 1;
	classes = {
	};
	objectVersion = 46;
	objects = {

/* Begin PBXBuildFile section */
		9B7AA12B3469F5E323B62270 /* ZHFailedErrors.m in Sources */ = {isa = PBXBuildFile; fileRef = 9B7AA176A019649EEF765D1C /* ZHFailedErrors.m */; };
		9B7AA4B2DE6C6D471720314E /* ZHGTokenResponseBaseClass.m in Sources */ = {isa = PBXBuildFile; fileRef = 9B7AAED1644793FBE9F22D16 /* ZHGTokenResponseBaseClass.m */; };
		9B7AAB8AAA52495C9EE81B9D /* ZHGhostManger.m in Sources */ = {isa = PBXBuildFile; fileRef = 9B7AA6D1CC8ADA228CDE9C1E /* ZHGhostManger.m */; };
		9B7AAD4E8ECDE0DB5F0CBF8F /* ZHFailedBaseClass.m in Sources */ = {isa = PBXBuildFile; fileRef = 9B7AA0AF89185180562BF70A /* ZHFailedBaseClass.m */; };
		C19507C91AB951F4000DEA92 /* main.m in Sources */ = {isa = PBXBuildFile; fileRef = C19507C81AB951F4000DEA92 /* main.m */; };
		C19507CC1AB951F4000DEA92 /* AppDelegate.m in Sources */ = {isa = PBXBuildFile; fileRef = C19507CB1AB951F4000DEA92 /* AppDelegate.m */; };
		C19507CF1AB951F4000DEA92 /* ViewController.m in Sources */ = {isa = PBXBuildFile; fileRef = C19507CE1AB951F4000DEA92 /* ViewController.m */; };
		C19507D21AB951F4000DEA92 /* Main.storyboard in Resources */ = {isa = PBXBuildFile; fileRef = C19507D01AB951F4000DEA92 /* Main.storyboard */; };
		C19507D41AB951F4000DEA92 /* Images.xcassets in Resources */ = {isa = PBXBuildFile; fileRef = C19507D31AB951F4000DEA92 /* Images.xcassets */; };
		C19507D71AB951F4000DEA92 /* LaunchScreen.xib in Resources */ = {isa = PBXBuildFile; fileRef = C19507D51AB951F4000DEA92 /* LaunchScreen.xib */; };
		C19507E31AB951F4000DEA92 /* ZHGhostTests.m in Sources */ = {isa = PBXBuildFile; fileRef = C19507E21AB951F4000DEA92 /* ZHGhostTests.m */; };
		C8EC6265D79EB22886964625 /* libPods.a in Frameworks */ = {isa = PBXBuildFile; fileRef = 83D5A4DD020E70F8E6273D02 /* libPods.a */; };
/* End PBXBuildFile section */

/* Begin PBXContainerItemProxy section */
		C19507DD1AB951F4000DEA92 /* PBXContainerItemProxy */ = {
			isa = PBXContainerItemProxy;
			containerPortal = C19507BB1AB951F4000DEA92 /* Project object */;
			proxyType = 1;
			remoteGlobalIDString = C19507C21AB951F4000DEA92;
			remoteInfo = ZHGhost;
		};
/* End PBXContainerItemProxy section */

/* Begin PBXFileReference section */
		6A398DC3A28966382244D916 /* Pods.release.xcconfig */ = {isa = PBXFileReference; includeInIndex = 1; lastKnownFileType = text.xcconfig; name = Pods.release.xcconfig; path = "Pods/Target Support Files/Pods/Pods.release.xcconfig"; sourceTree = "<group>"; };
		83D5A4DD020E70F8E6273D02 /* libPods.a */ = {isa = PBXFileReference; explicitFileType = archive.ar; includeInIndex = 0; path = libPods.a; sourceTree = BUILT_PRODUCTS_DIR; };
		860D2FB4614DDB339737D6A6 /* Pods.debug.xcconfig */ = {isa = PBXFileReference; includeInIndex = 1; lastKnownFileType = text.xcconfig; name = Pods.debug.xcconfig; path = "Pods/Target Support Files/Pods/Pods.debug.xcconfig"; sourceTree = "<group>"; };
		9B7AA07E279722E164F77595 /* ZHFailedErrors.h */ = {isa = PBXFileReference; fileEncoding = 4; lastKnownFileType = sourcecode.c.h; path = ZHFailedErrors.h; sourceTree = "<group>"; };
		9B7AA0AF89185180562BF70A /* ZHFailedBaseClass.m */ = {isa = PBXFileReference; fileEncoding = 4; lastKnownFileType = sourcecode.c.objc; path = ZHFailedBaseClass.m; sourceTree = "<group>"; };
		9B7AA176A019649EEF765D1C /* ZHFailedErrors.m */ = {isa = PBXFileReference; fileEncoding = 4; lastKnownFileType = sourcecode.c.objc; path = ZHFailedErrors.m; sourceTree = "<group>"; };
		9B7AA2888D0D9B2FB12BCF9A /* ZHFailedBaseClass.h */ = {isa = PBXFileReference; fileEncoding = 4; lastKnownFileType = sourcecode.c.h; path = ZHFailedBaseClass.h; sourceTree = "<group>"; };
		9B7AA5B50B88E27399617A67 /* DataModels.h */ = {isa = PBXFileReference; fileEncoding = 4; lastKnownFileType = sourcecode.c.h; path = DataModels.h; sourceTree = "<group>"; };
		9B7AA6D1CC8ADA228CDE9C1E /* ZHGhostManger.m */ = {isa = PBXFileReference; fileEncoding = 4; lastKnownFileType = sourcecode.c.objc; path = ZHGhostManger.m; sourceTree = "<group>"; };
		9B7AA81EBE2A3E89477984B6 /* ZHBlockConfig.h */ = {isa = PBXFileReference; fileEncoding = 4; lastKnownFileType = sourcecode.c.h; path = ZHBlockConfig.h; sourceTree = "<group>"; };
		9B7AAAA92CA5FCEE968479A7 /* DataModels.h */ = {isa = PBXFileReference; fileEncoding = 4; lastKnownFileType = sourcecode.c.h; path = DataModels.h; sourceTree = "<group>"; };
		9B7AABE2A9258C4A962DCDED /* ZHGTokenResponseBaseClass.h */ = {isa = PBXFileReference; fileEncoding = 4; lastKnownFileType = sourcecode.c.h; path = ZHGTokenResponseBaseClass.h; sourceTree = "<group>"; };
		9B7AAD6A65225E270677BE85 /* ZHGhostManger.h */ = {isa = PBXFileReference; fileEncoding = 4; lastKnownFileType = sourcecode.c.h; path = ZHGhostManger.h; sourceTree = "<group>"; };
		9B7AAE26662D966E181C8C85 /* ZHGhostApiConfig.h */ = {isa = PBXFileReference; fileEncoding = 4; lastKnownFileType = sourcecode.c.h; path = ZHGhostApiConfig.h; sourceTree = "<group>"; };
		9B7AAED1644793FBE9F22D16 /* ZHGTokenResponseBaseClass.m */ = {isa = PBXFileReference; fileEncoding = 4; lastKnownFileType = sourcecode.c.objc; path = ZHGTokenResponseBaseClass.m; sourceTree = "<group>"; };
		C19507C31AB951F4000DEA92 /* ZHGhost.app */ = {isa = PBXFileReference; explicitFileType = wrapper.application; includeInIndex = 0; path = ZHGhost.app; sourceTree = BUILT_PRODUCTS_DIR; };
		C19507C71AB951F4000DEA92 /* Info.plist */ = {isa = PBXFileReference; lastKnownFileType = text.plist.xml; path = Info.plist; sourceTree = "<group>"; };
		C19507C81AB951F4000DEA92 /* main.m */ = {isa = PBXFileReference; lastKnownFileType = sourcecode.c.objc; path = main.m; sourceTree = "<group>"; };
		C19507CA1AB951F4000DEA92 /* AppDelegate.h */ = {isa = PBXFileReference; lastKnownFileType = sourcecode.c.h; path = AppDelegate.h; sourceTree = "<group>"; };
		C19507CB1AB951F4000DEA92 /* AppDelegate.m */ = {isa = PBXFileReference; lastKnownFileType = sourcecode.c.objc; path = AppDelegate.m; sourceTree = "<group>"; };
		C19507CD1AB951F4000DEA92 /* ViewController.h */ = {isa = PBXFileReference; lastKnownFileType = sourcecode.c.h; path = ViewController.h; sourceTree = "<group>"; };
		C19507CE1AB951F4000DEA92 /* ViewController.m */ = {isa = PBXFileReference; lastKnownFileType = sourcecode.c.objc; path = ViewController.m; sourceTree = "<group>"; };
		C19507D11AB951F4000DEA92 /* Base */ = {isa = PBXFileReference; lastKnownFileType = file.storyboard; name = Base; path = Base.lproj/Main.storyboard; sourceTree = "<group>"; };
		C19507D31AB951F4000DEA92 /* Images.xcassets */ = {isa = PBXFileReference; lastKnownFileType = folder.assetcatalog; path = Images.xcassets; sourceTree = "<group>"; };
		C19507D61AB951F4000DEA92 /* Base */ = {isa = PBXFileReference; lastKnownFileType = file.xib; name = Base; path = Base.lproj/LaunchScreen.xib; sourceTree = "<group>"; };
		C19507DC1AB951F4000DEA92 /* ZHGhostTests.xctest */ = {isa = PBXFileReference; explicitFileType = wrapper.cfbundle; includeInIndex = 0; path = ZHGhostTests.xctest; sourceTree = BUILT_PRODUCTS_DIR; };
		C19507E11AB951F4000DEA92 /* Info.plist */ = {isa = PBXFileReference; lastKnownFileType = text.plist.xml; path = Info.plist; sourceTree = "<group>"; };
		C19507E21AB951F4000DEA92 /* ZHGhostTests.m */ = {isa = PBXFileReference; lastKnownFileType = sourcecode.c.objc; path = ZHGhostTests.m; sourceTree = "<group>"; };
/* End PBXFileReference section */

/* Begin PBXFrameworksBuildPhase section */
		C19507C01AB951F4000DEA92 /* Frameworks */ = {
			isa = PBXFrameworksBuildPhase;
			buildActionMask = 2147483647;
			files = (
				C8EC6265D79EB22886964625 /* libPods.a in Frameworks */,
			);
			runOnlyForDeploymentPostprocessing = 0;
		};
		C19507D91AB951F4000DEA92 /* Frameworks */ = {
			isa = PBXFrameworksBuildPhase;
			buildActionMask = 2147483647;
			files = (
			);
			runOnlyForDeploymentPostprocessing = 0;
		};
/* End PBXFrameworksBuildPhase section */

/* Begin PBXGroup section */
		3375EF8122D09C66696303F4 /* Frameworks */ = {
			isa = PBXGroup;
			children = (
				83D5A4DD020E70F8E6273D02 /* libPods.a */,
			);
			name = Frameworks;
			sourceTree = "<group>";
		};
		9B7AA4D1AA97F1B2F74AEE5A /* ZHFailed */ = {
			isa = PBXGroup;
			children = (
				9B7AA5B50B88E27399617A67 /* DataModels.h */,
				9B7AA07E279722E164F77595 /* ZHFailedErrors.h */,
				9B7AA176A019649EEF765D1C /* ZHFailedErrors.m */,
				9B7AA2888D0D9B2FB12BCF9A /* ZHFailedBaseClass.h */,
				9B7AA0AF89185180562BF70A /* ZHFailedBaseClass.m */,
			);
			path = ZHFailed;
			sourceTree = "<group>";
		};
		9B7AA4D54C38085C10C9C906 /* model */ = {
			isa = PBXGroup;
			children = (
				9B7AAD8FA9C3BF9AC0808B40 /* submit */,
				9B7AA981C78A716403D4E430 /* response */,
			);
			path = model;
			sourceTree = "<group>";
		};
		9B7AA92D20426F0A262D1B8E /* ZHGTokenResponse */ = {
			isa = PBXGroup;
			children = (
				9B7AAAA92CA5FCEE968479A7 /* DataModels.h */,
				9B7AABE2A9258C4A962DCDED /* ZHGTokenResponseBaseClass.h */,
				9B7AAED1644793FBE9F22D16 /* ZHGTokenResponseBaseClass.m */,
			);
			path = ZHGTokenResponse;
			sourceTree = "<group>";
		};
		9B7AA981C78A716403D4E430 /* response */ = {
			isa = PBXGroup;
			children = (
				9B7AA92D20426F0A262D1B8E /* ZHGTokenResponse */,
				9B7AA4D1AA97F1B2F74AEE5A /* ZHFailed */,
			);
			path = response;
			sourceTree = "<group>";
		};
		9B7AAD8FA9C3BF9AC0808B40 /* submit */ = {
			isa = PBXGroup;
			children = (
			);
			path = submit;
			sourceTree = "<group>";
		};
		9B7AAFF5414250E14DC9F67D /* ZHGhost */ = {
			isa = PBXGroup;
			children = (
				9B7AAD6A65225E270677BE85 /* ZHGhostManger.h */,
				9B7AA6D1CC8ADA228CDE9C1E /* ZHGhostManger.m */,
				9B7AAE26662D966E181C8C85 /* ZHGhostApiConfig.h */,
				9B7AA4D54C38085C10C9C906 /* model */,
				9B7AA81EBE2A3E89477984B6 /* ZHBlockConfig.h */,
			);
			path = ZHGhost;
			sourceTree = "<group>";
		};
		9E4E2B076EDE64A0C855768D /* Pods */ = {
			isa = PBXGroup;
			children = (
				860D2FB4614DDB339737D6A6 /* Pods.debug.xcconfig */,
				6A398DC3A28966382244D916 /* Pods.release.xcconfig */,
			);
			name = Pods;
			sourceTree = "<group>";
		};
		C19507BA1AB951F4000DEA92 = {
			isa = PBXGroup;
			children = (
				C19507C51AB951F4000DEA92 /* ZHGhost */,
				C19507DF1AB951F4000DEA92 /* ZHGhostTests */,
				C19507C41AB951F4000DEA92 /* Products */,
				9E4E2B076EDE64A0C855768D /* Pods */,
				3375EF8122D09C66696303F4 /* Frameworks */,
			);
			sourceTree = "<group>";
		};
		C19507C41AB951F4000DEA92 /* Products */ = {
			isa = PBXGroup;
			children = (
				C19507C31AB951F4000DEA92 /* ZHGhost.app */,
				C19507DC1AB951F4000DEA92 /* ZHGhostTests.xctest */,
			);
			name = Products;
			sourceTree = "<group>";
		};
		C19507C51AB951F4000DEA92 /* ZHGhost */ = {
			isa = PBXGroup;
			children = (
				C19507CA1AB951F4000DEA92 /* AppDelegate.h */,
				C19507CB1AB951F4000DEA92 /* AppDelegate.m */,
				C19507CD1AB951F4000DEA92 /* ViewController.h */,
				C19507CE1AB951F4000DEA92 /* ViewController.m */,
				C19507D01AB951F4000DEA92 /* Main.storyboard */,
				C19507D31AB951F4000DEA92 /* Images.xcassets */,
				C19507D51AB951F4000DEA92 /* LaunchScreen.xib */,
				C19507C61AB951F4000DEA92 /* Supporting Files */,
				9B7AAFF5414250E14DC9F67D /* ZHGhost */,
			);
			path = ZHGhost;
			sourceTree = "<group>";
		};
		C19507C61AB951F4000DEA92 /* Supporting Files */ = {
			isa = PBXGroup;
			children = (
				C19507C71AB951F4000DEA92 /* Info.plist */,
				C19507C81AB951F4000DEA92 /* main.m */,
			);
			name = "Supporting Files";
			sourceTree = "<group>";
		};
		C19507DF1AB951F4000DEA92 /* ZHGhostTests */ = {
			isa = PBXGroup;
			children = (
				C19507E21AB951F4000DEA92 /* ZHGhostTests.m */,
				C19507E01AB951F4000DEA92 /* Supporting Files */,
			);
			path = ZHGhostTests;
			sourceTree = "<group>";
		};
		C19507E01AB951F4000DEA92 /* Supporting Files */ = {
			isa = PBXGroup;
			children = (
				C19507E11AB951F4000DEA92 /* Info.plist */,
			);
			name = "Supporting Files";
			sourceTree = "<group>";
		};
/* End PBXGroup section */

/* Begin PBXNativeTarget section */
		C19507C21AB951F4000DEA92 /* ZHGhost */ = {
			isa = PBXNativeTarget;
			buildConfigurationList = C19507E61AB951F4000DEA92 /* Build configuration list for PBXNativeTarget "ZHGhost" */;
			buildPhases = (
				D130D87EEA7C560A81B829F6 /* Check Pods Manifest.lock */,
				C19507BF1AB951F4000DEA92 /* Sources */,
				C19507C01AB951F4000DEA92 /* Frameworks */,
				C19507C11AB951F4000DEA92 /* Resources */,
				DC43C19227B22A8F2E7C2BAD /* Copy Pods Resources */,
			);
			buildRules = (
			);
			dependencies = (
			);
			name = ZHGhost;
			productName = ZHGhost;
			productReference = C19507C31AB951F4000DEA92 /* ZHGhost.app */;
			productType = "com.apple.product-type.application";
		};
		C19507DB1AB951F4000DEA92 /* ZHGhostTests */ = {
			isa = PBXNativeTarget;
			buildConfigurationList = C19507E91AB951F4000DEA92 /* Build configuration list for PBXNativeTarget "ZHGhostTests" */;
			buildPhases = (
				C19507D81AB951F4000DEA92 /* Sources */,
				C19507D91AB951F4000DEA92 /* Frameworks */,
				C19507DA1AB951F4000DEA92 /* Resources */,
			);
			buildRules = (
			);
			dependencies = (
				C19507DE1AB951F4000DEA92 /* PBXTargetDependency */,
			);
			name = ZHGhostTests;
			productName = ZHGhostTests;
			productReference = C19507DC1AB951F4000DEA92 /* ZHGhostTests.xctest */;
			productType = "com.apple.product-type.bundle.unit-test";
		};
/* End PBXNativeTarget section */

/* Begin PBXProject section */
		C19507BB1AB951F4000DEA92 /* Project object */ = {
			isa = PBXProject;
			attributes = {
				LastUpgradeCheck = 0620;
				ORGANIZATIONNAME = hangzhang;
				TargetAttributes = {
					C19507C21AB951F4000DEA92 = {
						CreatedOnToolsVersion = 6.2;
					};
					C19507DB1AB951F4000DEA92 = {
						CreatedOnToolsVersion = 6.2;
						TestTargetID = C19507C21AB951F4000DEA92;
					};
				};
			};
			buildConfigurationList = C19507BE1AB951F4000DEA92 /* Build configuration list for PBXProject "ZHGhost" */;
			compatibilityVersion = "Xcode 3.2";
			developmentRegion = English;
			hasScannedForEncodings = 0;
			knownRegions = (
				en,
				Base,
			);
			mainGroup = C19507BA1AB951F4000DEA92;
			productRefGroup = C19507C41AB951F4000DEA92 /* Products */;
			projectDirPath = "";
			projectRoot = "";
			targets = (
				C19507C21AB951F4000DEA92 /* ZHGhost */,
				C19507DB1AB951F4000DEA92 /* ZHGhostTests */,
			);
		};
/* End PBXProject section */

/* Begin PBXResourcesBuildPhase section */
		C19507C11AB951F4000DEA92 /* Resources */ = {
			isa = PBXResourcesBuildPhase;
			buildActionMask = 2147483647;
			files = (
				C19507D21AB951F4000DEA92 /* Main.storyboard in Resources */,
				C19507D71AB951F4000DEA92 /* LaunchScreen.xib in Resources */,
				C19507D41AB951F4000DEA92 /* Images.xcassets in Resources */,
			);
			runOnlyForDeploymentPostprocessing = 0;
		};
		C19507DA1AB951F4000DEA92 /* Resources */ = {
			isa = PBXResourcesBuildPhase;
			buildActionMask = 2147483647;
			files = (
			);
			runOnlyForDeploymentPostprocessing = 0;
		};
/* End PBXResourcesBuildPhase section */

/* Begin PBXShellScriptBuildPhase section */
		D130D87EEA7C560A81B829F6 /* Check Pods Manifest.lock */ = {
			isa = PBXShellScriptBuildPhase;
			buildActionMask = 2147483647;
			files = (
			);
			inputPaths = (
			);
			name = "Check Pods Manifest.lock";
			outputPaths = (
			);
			runOnlyForDeploymentPostprocessing = 0;
			shellPath = /bin/sh;
			shellScript = "diff \"${PODS_ROOT}/../Podfile.lock\" \"${PODS_ROOT}/Manifest.lock\" > /dev/null\nif [[ $? != 0 ]] ; then\n    cat << EOM\nerror: The sandbox is not in sync with the Podfile.lock. Run 'pod install' or update your CocoaPods installation.\nEOM\n    exit 1\nfi\n";
			showEnvVarsInLog = 0;
		};
		DC43C19227B22A8F2E7C2BAD /* Copy Pods Resources */ = {
			isa = PBXShellScriptBuildPhase;
			buildActionMask = 2147483647;
			files = (
			);
			inputPaths = (
			);
			name = "Copy Pods Resources";
			outputPaths = (
			);
			runOnlyForDeploymentPostprocessing = 0;
			shellPath = /bin/sh;
			shellScript = "\"${SRCROOT}/Pods/Target Support Files/Pods/Pods-resources.sh\"\n";
			showEnvVarsInLog = 0;
		};
/* End PBXShellScriptBuildPhase section */

/* Begin PBXSourcesBuildPhase section */
		C19507BF1AB951F4000DEA92 /* Sources */ = {
			isa = PBXSourcesBuildPhase;
			buildActionMask = 2147483647;
			files = (
				C19507CF1AB951F4000DEA92 /* ViewController.m in Sources */,
				C19507CC1AB951F4000DEA92 /* AppDelegate.m in Sources */,
				C19507C91AB951F4000DEA92 /* main.m in Sources */,
				9B7AAB8AAA52495C9EE81B9D /* ZHGhostManger.m in Sources */,
				9B7AA4B2DE6C6D471720314E /* ZHGTokenResponseBaseClass.m in Sources */,
				9B7AA12B3469F5E323B62270 /* ZHFailedErrors.m in Sources */,
				9B7AAD4E8ECDE0DB5F0CBF8F /* ZHFailedBaseClass.m in Sources */,
			);
			runOnlyForDeploymentPostprocessing = 0;
		};
		C19507D81AB951F4000DEA92 /* Sources */ = {
			isa = PBXSourcesBuildPhase;
			buildActionMask = 2147483647;
			files = (
				C19507E31AB951F4000DEA92 /* ZHGhostTests.m in Sources */,
			);
			runOnlyForDeploymentPostprocessing = 0;
		};
/* End PBXSourcesBuildPhase section */

/* Begin PBXTargetDependency section */
		C19507DE1AB951F4000DEA92 /* PBXTargetDependency */ = {
			isa = PBXTargetDependency;
			target = C19507C21AB951F4000DEA92 /* ZHGhost */;
			targetProxy = C19507DD1AB951F4000DEA92 /* PBXContainerItemProxy */;
		};
/* End PBXTargetDependency section */

/* Begin PBXVariantGroup section */
		C19507D01AB951F4000DEA92 /* Main.storyboard */ = {
			isa = PBXVariantGroup;
			children = (
				C19507D11AB951F4000DEA92 /* Base */,
			);
			name = Main.storyboard;
			sourceTree = "<group>";
		};
		C19507D51AB951F4000DEA92 /* LaunchScreen.xib */ = {
			isa = PBXVariantGroup;
			children = (
				C19507D61AB951F4000DEA92 /* Base */,
			);
			name = LaunchScreen.xib;
			sourceTree = "<group>";
		};
/* End PBXVariantGroup section */

/* Begin XCBuildConfiguration section */
		C19507E41AB951F4000DEA92 /* Debug */ = {
			isa = XCBuildConfiguration;
			buildSettings = {
				ALWAYS_SEARCH_USER_PATHS = NO;
				CLANG_CXX_LANGUAGE_STANDARD = "gnu++0x";
				CLANG_CXX_LIBRARY = "libc++";
				CLANG_ENABLE_MODULES = YES;
				CLANG_ENABLE_OBJC_ARC = YES;
				CLANG_WARN_BOOL_CONVERSION = YES;
				CLANG_WARN_CONSTANT_CONVERSION = YES;
				CLANG_WARN_DIRECT_OBJC_ISA_USAGE = YES_ERROR;
				CLANG_WARN_EMPTY_BODY = YES;
				CLANG_WARN_ENUM_CONVERSION = YES;
				CLANG_WARN_INT_CONVERSION = YES;
				CLANG_WARN_OBJC_ROOT_CLASS = YES_ERROR;
				CLANG_WARN_UNREACHABLE_CODE = YES;
				CLANG_WARN__DUPLICATE_METHOD_MATCH = YES;
				"CODE_SIGN_IDENTITY[sdk=iphoneos*]" = "iPhone Developer";
				COPY_PHASE_STRIP = NO;
				ENABLE_STRICT_OBJC_MSGSEND = YES;
				GCC_C_LANGUAGE_STANDARD = gnu99;
				GCC_DYNAMIC_NO_PIC = NO;
				GCC_OPTIMIZATION_LEVEL = 0;
				GCC_PREPROCESSOR_DEFINITIONS = (
					"DEBUG=1",
					"$(inherited)",
				);
				GCC_SYMBOLS_PRIVATE_EXTERN = NO;
				GCC_WARN_64_TO_32_BIT_CONVERSION = YES;
				GCC_WARN_ABOUT_RETURN_TYPE = YES_ERROR;
				GCC_WARN_UNDECLARED_SELECTOR = YES;
				GCC_WARN_UNINITIALIZED_AUTOS = YES_AGGRESSIVE;
				GCC_WARN_UNUSED_FUNCTION = YES;
				GCC_WARN_UNUSED_VARIABLE = YES;
				IPHONEOS_DEPLOYMENT_TARGET = 8.2;
				MTL_ENABLE_DEBUG_INFO = YES;
				ONLY_ACTIVE_ARCH = YES;
				SDKROOT = iphoneos;
			};
			name = Debug;
		};
		C19507E51AB951F4000DEA92 /* Release */ = {
			isa = XCBuildConfiguration;
			buildSettings = {
				ALWAYS_SEARCH_USER_PATHS = NO;
				CLANG_CXX_LANGUAGE_STANDARD = "gnu++0x";
				CLANG_CXX_LIBRARY = "libc++";
				CLANG_ENABLE_MODULES = YES;
				CLANG_ENABLE_OBJC_ARC = YES;
				CLANG_WARN_BOOL_CONVERSION = YES;
				CLANG_WARN_CONSTANT_CONVERSION = YES;
				CLANG_WARN_DIRECT_OBJC_ISA_USAGE = YES_ERROR;
				CLANG_WARN_EMPTY_BODY = YES;
				CLANG_WARN_ENUM_CONVERSION = YES;
				CLANG_WARN_INT_CONVERSION = YES;
				CLANG_WARN_OBJC_ROOT_CLASS = YES_ERROR;
				CLANG_WARN_UNREACHABLE_CODE = YES;
				CLANG_WARN__DUPLICATE_METHOD_MATCH = YES;
				"CODE_SIGN_IDENTITY[sdk=iphoneos*]" = "iPhone Developer";
				COPY_PHASE_STRIP = NO;
				ENABLE_NS_ASSERTIONS = NO;
				ENABLE_STRICT_OBJC_MSGSEND = YES;
				GCC_C_LANGUAGE_STANDARD = gnu99;
				GCC_WARN_64_TO_32_BIT_CONVERSION = YES;
				GCC_WARN_ABOUT_RETURN_TYPE = YES_ERROR;
				GCC_WARN_UNDECLARED_SELECTOR = YES;
				GCC_WARN_UNINITIALIZED_AUTOS = YES_AGGRESSIVE;
				GCC_WARN_UNUSED_FUNCTION = YES;
				GCC_WARN_UNUSED_VARIABLE = YES;
				IPHONEOS_DEPLOYMENT_TARGET = 8.2;
				MTL_ENABLE_DEBUG_INFO = NO;
				SDKROOT = iphoneos;
				VALIDATE_PRODUCT = YES;
			};
			name = Release;
		};
		C19507E71AB951F4000DEA92 /* Debug */ = {
			isa = XCBuildConfiguration;
			baseConfigurationReference = 860D2FB4614DDB339737D6A6 /* Pods.debug.xcconfig */;
			buildSettings = {
				ASSETCATALOG_COMPILER_APPICON_NAME = AppIcon;
				INFOPLIST_FILE = ZHGhost/Info.plist;
				IPHONEOS_DEPLOYMENT_TARGET = 7.0;
				LD_RUNPATH_SEARCH_PATHS = "$(inherited) @executable_path/Frameworks";
				PRODUCT_NAME = "$(TARGET_NAME)";
			};
			name = Debug;
		};
		C19507E81AB951F4000DEA92 /* Release */ = {
			isa = XCBuildConfiguration;
			baseConfigurationReference = 6A398DC3A28966382244D916 /* Pods.release.xcconfig */;
			buildSettings = {
				ASSETCATALOG_COMPILER_APPICON_NAME = AppIcon;
				INFOPLIST_FILE = ZHGhost/Info.plist;
				IPHONEOS_DEPLOYMENT_TARGET = 7.0;
				LD_RUNPATH_SEARCH_PATHS = "$(inherited) @executable_path/Frameworks";
				PRODUCT_NAME = "$(TARGET_NAME)";
			};
			name = Release;
		};
		C19507EA1AB951F4000DEA92 /* Debug */ = {
			isa = XCBuildConfiguration;
			buildSettings = {
				BUNDLE_LOADER = "$(TEST_HOST)";
				FRAMEWORK_SEARCH_PATHS = (
					"$(SDKROOT)/Developer/Library/Frameworks",
					"$(inherited)",
				);
				GCC_PREPROCESSOR_DEFINITIONS = (
					"DEBUG=1",
					"$(inherited)",
				);
				INFOPLIST_FILE = ZHGhostTests/Info.plist;
				LD_RUNPATH_SEARCH_PATHS = "$(inherited) @executable_path/Frameworks @loader_path/Frameworks";
				PRODUCT_NAME = "$(TARGET_NAME)";
				TEST_HOST = "$(BUILT_PRODUCTS_DIR)/ZHGhost.app/ZHGhost";
			};
			name = Debug;
		};
		C19507EB1AB951F4000DEA92 /* Release */ = {
			isa = XCBuildConfiguration;
			buildSettings = {
				BUNDLE_LOADER = "$(TEST_HOST)";
				FRAMEWORK_SEARCH_PATHS = (
					"$(SDKROOT)/Developer/Library/Frameworks",
					"$(inherited)",
				);
				INFOPLIST_FILE = ZHGhostTests/Info.plist;
				LD_RUNPATH_SEARCH_PATHS = "$(inherited) @executable_path/Frameworks @loader_path/Frameworks";
				PRODUCT_NAME = "$(TARGET_NAME)";
				TEST_HOST = "$(BUILT_PRODUCTS_DIR)/ZHGhost.app/ZHGhost";
			};
			name = Release;
		};
/* End XCBuildConfiguration section */

/* Begin XCConfigurationList section */
		C19507BE1AB951F4000DEA92 /* Build configuration list for PBXProject "ZHGhost" */ = {
			isa = XCConfigurationList;
			buildConfigurations = (
				C19507E41AB951F4000DEA92 /* Debug */,
				C19507E51AB951F4000DEA92 /* Release */,
			);
			defaultConfigurationIsVisible = 0;
			defaultConfigurationName = Release;
		};
		C19507E61AB951F4000DEA92 /* Build configuration list for PBXNativeTarget "ZHGhost" */ = {
			isa = XCConfigurationList;
			buildConfigurations = (
				C19507E71AB951F4000DEA92 /* Debug */,
				C19507E81AB951F4000DEA92 /* Release */,
			);
			defaultConfigurationIsVisible = 0;
			defaultConfigurationName = Release;
		};
		C19507E91AB951F4000DEA92 /* Build configuration list for PBXNativeTarget "ZHGhostTests" */ = {
			isa = XCConfigurationList;
			buildConfigurations = (
				C19507EA1AB951F4000DEA92 /* Debug */,
				C19507EB1AB951F4000DEA92 /* Release */,
			);
			defaultConfigurationIsVisible = 0;
			defaultConfigurationName = Release;
		};
/* End XCConfigurationList section */
	};
	rootObject = C19507BB1AB951F4000DEA92 /* Project object */;
}
