// !$*UTF8*$!
{
	archiveVersion = 1;
	classes = {
	};
	objectVersion = 46;
	objects = {

/* Begin PBXBuildFile section */
		9B7AA0168F83502EBB553C95 /* banner4.jpg in Resources */ = {isa = PBXBuildFile; fileRef = 9B7AAF30E9E361B70D9C9A94 /* banner4.jpg */; };
		9B7AA04339F2238BA5C77484 /* ZHTagTableViewCell.m in Sources */ = {isa = PBXBuildFile; fileRef = 9B7AA05C5701CDEE4685CCD7 /* ZHTagTableViewCell.m */; };
		9B7AA047EE3D77F5385F4925 /* homeIcon.png in Resources */ = {isa = PBXBuildFile; fileRef = 9B7AAC0AF905D15B59663373 /* homeIcon.png */; };
		9B7AA0C4CCB74C7297F4DC10 /* ZHGContentItemResponsePagination.m in Sources */ = {isa = PBXBuildFile; fileRef = 9B7AA4C6DE0DD10A1606DC2B /* ZHGContentItemResponsePagination.m */; };
		9B7AA12B3469F5E323B62270 /* ZHFailedErrors.m in Sources */ = {isa = PBXBuildFile; fileRef = 9B7AA176A019649EEF765D1C /* ZHFailedErrors.m */; };
		9B7AA19312D715B43A310E5D /* ghost.pcvd in Resources */ = {isa = PBXBuildFile; fileRef = 9B7AA6A0DDCA2C16B4758CD1 /* ghost.pcvd */; };
		9B7AA28B39CB34A2963CE184 /* banner3.jpg in Resources */ = {isa = PBXBuildFile; fileRef = 9B7AA01715D488C73D795E0B /* banner3.jpg */; };
		9B7AA2B7F8DC0834C813275F /* ZHFounction.m in Sources */ = {isa = PBXBuildFile; fileRef = 9B7AAFB336AE7938CF3B5DAF /* ZHFounction.m */; };
		9B7AA2DCC478A4B0CE500D4F /* homeIcon@2x.png in Resources */ = {isa = PBXBuildFile; fileRef = 9B7AAB9A6C447A881AFD298D /* homeIcon@2x.png */; };
		9B7AA474431078194E6DEA24 /* banner1.jpg in Resources */ = {isa = PBXBuildFile; fileRef = 9B7AA13A0A93870137608A1B /* banner1.jpg */; };
		9B7AA4B0ECF7ADF5F3FF3FF7 /* ZHGContentItemResponseMeta.m in Sources */ = {isa = PBXBuildFile; fileRef = 9B7AA0B3B578A741B0774EA8 /* ZHGContentItemResponseMeta.m */; };
		9B7AA4B2DE6C6D471720314E /* ZHGTokenResponseBaseClass.m in Sources */ = {isa = PBXBuildFile; fileRef = 9B7AAED1644793FBE9F22D16 /* ZHGTokenResponseBaseClass.m */; };
		9B7AA4CB688486BDD0A8D398 /* homeIcon@3x.png in Resources */ = {isa = PBXBuildFile; fileRef = 9B7AABD17176A97BFCFCB02C /* homeIcon@3x.png */; };
		9B7AA4DB99ACBA4957A6ED1A /* ShowMessageView.m in Sources */ = {isa = PBXBuildFile; fileRef = 9B7AA3713EB69DAAC7D8B542 /* ShowMessageView.m */; };
		9B7AA602AB71CD05DD6F5A41 /* ZHGTagsResponseTags.m in Sources */ = {isa = PBXBuildFile; fileRef = 9B7AA90065178E9AC2B1F1BB /* ZHGTagsResponseTags.m */; };
		9B7AA649001C8F03CA32277C /* ZHGUserInfoResponseUsers.m in Sources */ = {isa = PBXBuildFile; fileRef = 9B7AA60A1230ACCE91A13A07 /* ZHGUserInfoResponseUsers.m */; };
		9B7AA76F60AF3455428F1C59 /* ZHGContentItemResponseBaseClass.m in Sources */ = {isa = PBXBuildFile; fileRef = 9B7AA3F5612B74E7EF8B645C /* ZHGContentItemResponseBaseClass.m */; };
		9B7AA7E2FD0FE38C7C850DA2 /* ZHCreatTagsResponseBaseClass.m in Sources */ = {isa = PBXBuildFile; fileRef = 9B7AAE84D2BC7C4F7ADA0138 /* ZHCreatTagsResponseBaseClass.m */; };
		9B7AA82220BF22D9820CECBA /* ZHTagsController.m in Sources */ = {isa = PBXBuildFile; fileRef = 9B7AA18E0D6A0CEA6098FA75 /* ZHTagsController.m */; };
		9B7AA87283C78DDB7F28753C /* ZHLoginViewController.m in Sources */ = {isa = PBXBuildFile; fileRef = 9B7AAF3ECF69236538BAC117 /* ZHLoginViewController.m */; };
		9B7AA894734796065BBB76EB /* ZHGTagsResponseBaseClass.m in Sources */ = {isa = PBXBuildFile; fileRef = 9B7AA65A08D3CB4C34D0BA87 /* ZHGTagsResponseBaseClass.m */; };
		9B7AA89DA309429AC9E6E16A /* ZHHomeTableViewCell.m in Sources */ = {isa = PBXBuildFile; fileRef = 9B7AA2169F59E0653B77F6A0 /* ZHHomeTableViewCell.m */; };
		9B7AA8B2F0537043E180D9F3 /* homeIcon@2x.png in Resources */ = {isa = PBXBuildFile; fileRef = 9B7AADDA4390D4C9BF5758CA /* homeIcon@2x.png */; };
		9B7AA8F266ADF950AFC374DF /* ZHHomeBannerView.m in Sources */ = {isa = PBXBuildFile; fileRef = 9B7AA41B2E5065FD8E83C8E0 /* ZHHomeBannerView.m */; };
		9B7AA907515E59CFDCD15BFA /* ZHCreatTagsResponseTags.m in Sources */ = {isa = PBXBuildFile; fileRef = 9B7AAC3A96EB27F889D73B4F /* ZHCreatTagsResponseTags.m */; };
		9B7AA9C16AA6D2A0E10C1710 /* ZHIconTextFiled.m in Sources */ = {isa = PBXBuildFile; fileRef = 9B7AA6A9E29F2D4B3BA93845 /* ZHIconTextFiled.m */; };
		9B7AAAF6C20E11A83BEFB672 /* ViewController.m in Sources */ = {isa = PBXBuildFile; fileRef = 9B7AA1E1279867D33EC941C5 /* ViewController.m */; };
		9B7AAB4C12C6E1A082C6319C /* ZHBaseViewController.m in Sources */ = {isa = PBXBuildFile; fileRef = 9B7AA19131C2F01F8005FC95 /* ZHBaseViewController.m */; };
		9B7AAB8AAA52495C9EE81B9D /* ZHGhostManger.m in Sources */ = {isa = PBXBuildFile; fileRef = 9B7AA6D1CC8ADA228CDE9C1E /* ZHGhostManger.m */; };
		9B7AABA46E4F142DB36ECD24 /* PanDeleteButton.m in Sources */ = {isa = PBXBuildFile; fileRef = 9B7AABAC40CDA4126A2FC537 /* PanDeleteButton.m */; };
		9B7AABBC3A7188859282C093 /* ZHGUserInfoResponseRoles.m in Sources */ = {isa = PBXBuildFile; fileRef = 9B7AA0E35DCB0F86E4029141 /* ZHGUserInfoResponseRoles.m */; };
		9B7AABDBD621C2AEB9816ED5 /* StyleKitName.m in Sources */ = {isa = PBXBuildFile; fileRef = 9B7AAB4741ADC41E3474D067 /* StyleKitName.m */; };
		9B7AAC0BD47596D982A964DE /* ZHNavgationView.m in Sources */ = {isa = PBXBuildFile; fileRef = 9B7AA1958D55B0F99A55E5E5 /* ZHNavgationView.m */; };
		9B7AACA7856247C64118038B /* homeIcon@3x.png in Resources */ = {isa = PBXBuildFile; fileRef = 9B7AA1506721480E1506B6D8 /* homeIcon@3x.png */; };
		9B7AACF9E762B85EEF07E179 /* ZHHomeViewcontroller.m in Sources */ = {isa = PBXBuildFile; fileRef = 9B7AA81439C5F437F0416FE6 /* ZHHomeViewcontroller.m */; };
		9B7AAD0FE760623CB812EE77 /* ZHGTagsResponseMeta.m in Sources */ = {isa = PBXBuildFile; fileRef = 9B7AAE10E0FB89E175EF3DDD /* ZHGTagsResponseMeta.m */; };
		9B7AAD2F65F4F814AB9E5292 /* homeIcon.png in Resources */ = {isa = PBXBuildFile; fileRef = 9B7AAD0F650F9165204173B9 /* homeIcon.png */; };
		9B7AAD4E8ECDE0DB5F0CBF8F /* ZHFailedBaseClass.m in Sources */ = {isa = PBXBuildFile; fileRef = 9B7AA0AF89185180562BF70A /* ZHFailedBaseClass.m */; };
		9B7AAE5E57A83C840249C5C3 /* HomeItemView.m in Sources */ = {isa = PBXBuildFile; fileRef = 9B7AA952352CAECB4825F2B0 /* HomeItemView.m */; };
		9B7AAEBA1DD9096BC8090998 /* ZHGUserInfoResponseBaseClass.m in Sources */ = {isa = PBXBuildFile; fileRef = 9B7AAD51D609AB70D2670E23 /* ZHGUserInfoResponseBaseClass.m */; };
		9B7AAEC61953E25F54091EB8 /* ZHCreatTagsSubmitBaseClass.m in Sources */ = {isa = PBXBuildFile; fileRef = 9B7AAE1712DE9A6B52F2E77E /* ZHCreatTagsSubmitBaseClass.m */; };
		9B7AAEFEF7E7B70673A4B489 /* ZHGTagsResponsePagination.m in Sources */ = {isa = PBXBuildFile; fileRef = 9B7AA8CA70B858447B05D5A1 /* ZHGTagsResponsePagination.m */; };
		9B7AAF6117F7F22493C5E612 /* ZHGContentItemResponsePosts.m in Sources */ = {isa = PBXBuildFile; fileRef = 9B7AAB58B8DE751CEE7AAA55 /* ZHGContentItemResponsePosts.m */; };
		9B7AAFAB72DEDE9AA3487A53 /* banner2.jpg in Resources */ = {isa = PBXBuildFile; fileRef = 9B7AA9757C5497F3A2CDFF8A /* banner2.jpg */; };
		C19507C91AB951F4000DEA92 /* main.m in Sources */ = {isa = PBXBuildFile; fileRef = C19507C81AB951F4000DEA92 /* main.m */; };
		C19507CC1AB951F4000DEA92 /* AppDelegate.m in Sources */ = {isa = PBXBuildFile; fileRef = C19507CB1AB951F4000DEA92 /* AppDelegate.m */; };
		C19507D21AB951F4000DEA92 /* Main.storyboard in Resources */ = {isa = PBXBuildFile; fileRef = C19507D01AB951F4000DEA92 /* Main.storyboard */; };
		C19507D41AB951F4000DEA92 /* Images.xcassets in Resources */ = {isa = PBXBuildFile; fileRef = C19507D31AB951F4000DEA92 /* Images.xcassets */; };
		C19507D71AB951F4000DEA92 /* LaunchScreen.xib in Resources */ = {isa = PBXBuildFile; fileRef = C19507D51AB951F4000DEA92 /* LaunchScreen.xib */; };
		C19507E31AB951F4000DEA92 /* ZHGhostTests.m in Sources */ = {isa = PBXBuildFile; fileRef = C19507E21AB951F4000DEA92 /* ZHGhostTests.m */; };
		C8EC6265D79EB22886964625 /* libPods.a in Frameworks */ = {isa = PBXBuildFile; fileRef = 83D5A4DD020E70F8E6273D02 /* libPods.a */; };
/* End PBXBuildFile section */

/* Begin PBXContainerItemProxy section */
		C19507DD1AB951F4000DEA92 /* PBXContainerItemProxy */ = {
			isa = PBXContainerItemProxy;
			containerPortal = C19507BB1AB951F4000DEA92 /* Project object */;
			proxyType = 1;
			remoteGlobalIDString = C19507C21AB951F4000DEA92;
			remoteInfo = ZHGhost;
		};
/* End PBXContainerItemProxy section */

/* Begin PBXFileReference section */
		6A398DC3A28966382244D916 /* Pods.release.xcconfig */ = {isa = PBXFileReference; includeInIndex = 1; lastKnownFileType = text.xcconfig; name = Pods.release.xcconfig; path = "Pods/Target Support Files/Pods/Pods.release.xcconfig"; sourceTree = "<group>"; };
		83D5A4DD020E70F8E6273D02 /* libPods.a */ = {isa = PBXFileReference; explicitFileType = archive.ar; includeInIndex = 0; path = libPods.a; sourceTree = BUILT_PRODUCTS_DIR; };
		860D2FB4614DDB339737D6A6 /* Pods.debug.xcconfig */ = {isa = PBXFileReference; includeInIndex = 1; lastKnownFileType = text.xcconfig; name = Pods.debug.xcconfig; path = "Pods/Target Support Files/Pods/Pods.debug.xcconfig"; sourceTree = "<group>"; };
		9B7AA01715D488C73D795E0B /* banner3.jpg */ = {isa = PBXFileReference; lastKnownFileType = image.jpeg; path = banner3.jpg; sourceTree = "<group>"; };
		9B7AA03258556A791BBCB371 /* ZHGContentItemResponseMeta.h */ = {isa = PBXFileReference; fileEncoding = 4; lastKnownFileType = sourcecode.c.h; path = ZHGContentItemResponseMeta.h; sourceTree = "<group>"; };
		9B7AA05C5701CDEE4685CCD7 /* ZHTagTableViewCell.m */ = {isa = PBXFileReference; fileEncoding = 4; lastKnownFileType = sourcecode.c.objc; path = ZHTagTableViewCell.m; sourceTree = "<group>"; };
		9B7AA069BF4FF65BBCC6AD1B /* ZHCreatTagsSubmitBaseClass.h */ = {isa = PBXFileReference; fileEncoding = 4; lastKnownFileType = sourcecode.c.h; path = ZHCreatTagsSubmitBaseClass.h; sourceTree = "<group>"; };
		9B7AA07E279722E164F77595 /* ZHFailedErrors.h */ = {isa = PBXFileReference; fileEncoding = 4; lastKnownFileType = sourcecode.c.h; path = ZHFailedErrors.h; sourceTree = "<group>"; };
		9B7AA0AF89185180562BF70A /* ZHFailedBaseClass.m */ = {isa = PBXFileReference; fileEncoding = 4; lastKnownFileType = sourcecode.c.objc; path = ZHFailedBaseClass.m; sourceTree = "<group>"; };
		9B7AA0B3B578A741B0774EA8 /* ZHGContentItemResponseMeta.m */ = {isa = PBXFileReference; fileEncoding = 4; lastKnownFileType = sourcecode.c.objc; path = ZHGContentItemResponseMeta.m; sourceTree = "<group>"; };
		9B7AA0C685BF92A47DDF0675 /* DataModels.h */ = {isa = PBXFileReference; fileEncoding = 4; lastKnownFileType = sourcecode.c.h; path = DataModels.h; sourceTree = "<group>"; };
		9B7AA0E35DCB0F86E4029141 /* ZHGUserInfoResponseRoles.m */ = {isa = PBXFileReference; fileEncoding = 4; lastKnownFileType = sourcecode.c.objc; path = ZHGUserInfoResponseRoles.m; sourceTree = "<group>"; };
		9B7AA0EF9888D9F662AE6482 /* ViewController.h */ = {isa = PBXFileReference; fileEncoding = 4; lastKnownFileType = sourcecode.c.h; path = ViewController.h; sourceTree = "<group>"; };
		9B7AA13A0A93870137608A1B /* banner1.jpg */ = {isa = PBXFileReference; lastKnownFileType = image.jpeg; path = banner1.jpg; sourceTree = "<group>"; };
		9B7AA14820D789FB1ECEA4A8 /* DataModels.h */ = {isa = PBXFileReference; fileEncoding = 4; lastKnownFileType = sourcecode.c.h; path = DataModels.h; sourceTree = "<group>"; };
		9B7AA1506721480E1506B6D8 /* homeIcon@3x.png */ = {isa = PBXFileReference; lastKnownFileType = image.png; path = "homeIcon@3x.png"; sourceTree = "<group>"; };
		9B7AA176A019649EEF765D1C /* ZHFailedErrors.m */ = {isa = PBXFileReference; fileEncoding = 4; lastKnownFileType = sourcecode.c.objc; path = ZHFailedErrors.m; sourceTree = "<group>"; };
		9B7AA18E0D6A0CEA6098FA75 /* ZHTagsController.m */ = {isa = PBXFileReference; fileEncoding = 4; lastKnownFileType = sourcecode.c.objc; path = ZHTagsController.m; sourceTree = "<group>"; };
		9B7AA19131C2F01F8005FC95 /* ZHBaseViewController.m */ = {isa = PBXFileReference; fileEncoding = 4; lastKnownFileType = sourcecode.c.objc; path = ZHBaseViewController.m; sourceTree = "<group>"; };
		9B7AA1958D55B0F99A55E5E5 /* ZHNavgationView.m */ = {isa = PBXFileReference; fileEncoding = 4; lastKnownFileType = sourcecode.c.objc; path = ZHNavgationView.m; sourceTree = "<group>"; };
		9B7AA1E1279867D33EC941C5 /* ViewController.m */ = {isa = PBXFileReference; fileEncoding = 4; lastKnownFileType = sourcecode.c.objc; path = ViewController.m; sourceTree = "<group>"; };
		9B7AA2169F59E0653B77F6A0 /* ZHHomeTableViewCell.m */ = {isa = PBXFileReference; fileEncoding = 4; lastKnownFileType = sourcecode.c.objc; path = ZHHomeTableViewCell.m; sourceTree = "<group>"; };
		9B7AA2365E24BDEA02AB2A4A /* ZHFounction.h */ = {isa = PBXFileReference; fileEncoding = 4; lastKnownFileType = sourcecode.c.h; path = ZHFounction.h; sourceTree = "<group>"; };
		9B7AA2888D0D9B2FB12BCF9A /* ZHFailedBaseClass.h */ = {isa = PBXFileReference; fileEncoding = 4; lastKnownFileType = sourcecode.c.h; path = ZHFailedBaseClass.h; sourceTree = "<group>"; };
		9B7AA2BAE84612CAB00B745D /* ZHGUserInfoResponseBaseClass.h */ = {isa = PBXFileReference; fileEncoding = 4; lastKnownFileType = sourcecode.c.h; path = ZHGUserInfoResponseBaseClass.h; sourceTree = "<group>"; };
		9B7AA2D6EE109C0A1AD0B167 /* ZHCreatTagsResponseTags.h */ = {isa = PBXFileReference; fileEncoding = 4; lastKnownFileType = sourcecode.c.h; path = ZHCreatTagsResponseTags.h; sourceTree = "<group>"; };
		9B7AA3713EB69DAAC7D8B542 /* ShowMessageView.m */ = {isa = PBXFileReference; fileEncoding = 4; lastKnownFileType = sourcecode.c.objc; path = ShowMessageView.m; sourceTree = "<group>"; };
		9B7AA39EB10DC2D03CE55868 /* StyleKitName.h */ = {isa = PBXFileReference; fileEncoding = 4; lastKnownFileType = sourcecode.c.h; path = StyleKitName.h; sourceTree = "<group>"; };
		9B7AA3E2C5F1113BEA2FD6FE /* ZHBaseViewController.h */ = {isa = PBXFileReference; fileEncoding = 4; lastKnownFileType = sourcecode.c.h; path = ZHBaseViewController.h; sourceTree = "<group>"; };
		9B7AA3F5612B74E7EF8B645C /* ZHGContentItemResponseBaseClass.m */ = {isa = PBXFileReference; fileEncoding = 4; lastKnownFileType = sourcecode.c.objc; path = ZHGContentItemResponseBaseClass.m; sourceTree = "<group>"; };
		9B7AA40D5522521317F997C5 /* ZHGTagsResponsePagination.h */ = {isa = PBXFileReference; fileEncoding = 4; lastKnownFileType = sourcecode.c.h; path = ZHGTagsResponsePagination.h; sourceTree = "<group>"; };
		9B7AA41B2E5065FD8E83C8E0 /* ZHHomeBannerView.m */ = {isa = PBXFileReference; fileEncoding = 4; lastKnownFileType = sourcecode.c.objc; path = ZHHomeBannerView.m; sourceTree = "<group>"; };
		9B7AA44B25AA0C93E8BDEEED /* ZHGUserInfoResponseUsers.h */ = {isa = PBXFileReference; fileEncoding = 4; lastKnownFileType = sourcecode.c.h; path = ZHGUserInfoResponseUsers.h; sourceTree = "<group>"; };
		9B7AA4514A54EE90343D2D2A /* PanDeleteButton.h */ = {isa = PBXFileReference; fileEncoding = 4; lastKnownFileType = sourcecode.c.h; path = PanDeleteButton.h; sourceTree = "<group>"; };
		9B7AA4C6DE0DD10A1606DC2B /* ZHGContentItemResponsePagination.m */ = {isa = PBXFileReference; fileEncoding = 4; lastKnownFileType = sourcecode.c.objc; path = ZHGContentItemResponsePagination.m; sourceTree = "<group>"; };
		9B7AA5B50B88E27399617A67 /* DataModels.h */ = {isa = PBXFileReference; fileEncoding = 4; lastKnownFileType = sourcecode.c.h; path = DataModels.h; sourceTree = "<group>"; };
		9B7AA5BBCDD78181A93E4D7D /* DataModels.h */ = {isa = PBXFileReference; fileEncoding = 4; lastKnownFileType = sourcecode.c.h; path = DataModels.h; sourceTree = "<group>"; };
		9B7AA60A1230ACCE91A13A07 /* ZHGUserInfoResponseUsers.m */ = {isa = PBXFileReference; fileEncoding = 4; lastKnownFileType = sourcecode.c.objc; path = ZHGUserInfoResponseUsers.m; sourceTree = "<group>"; };
		9B7AA65A08D3CB4C34D0BA87 /* ZHGTagsResponseBaseClass.m */ = {isa = PBXFileReference; fileEncoding = 4; lastKnownFileType = sourcecode.c.objc; path = ZHGTagsResponseBaseClass.m; sourceTree = "<group>"; };
		9B7AA6A0DDCA2C16B4758CD1 /* ghost.pcvd */ = {isa = PBXFileReference; lastKnownFileType = file.pcvd; path = ghost.pcvd; sourceTree = "<group>"; };
		9B7AA6A9E29F2D4B3BA93845 /* ZHIconTextFiled.m */ = {isa = PBXFileReference; fileEncoding = 4; lastKnownFileType = sourcecode.c.objc; path = ZHIconTextFiled.m; sourceTree = "<group>"; };
		9B7AA6BC63894BF35FB10173 /* ZHTagsController.h */ = {isa = PBXFileReference; fileEncoding = 4; lastKnownFileType = sourcecode.c.h; path = ZHTagsController.h; sourceTree = "<group>"; };
		9B7AA6C72597CEDFF667EFE9 /* ZHHomeViewcontroller.h */ = {isa = PBXFileReference; fileEncoding = 4; lastKnownFileType = sourcecode.c.h; path = ZHHomeViewcontroller.h; sourceTree = "<group>"; };
		9B7AA6D1CC8ADA228CDE9C1E /* ZHGhostManger.m */ = {isa = PBXFileReference; fileEncoding = 4; lastKnownFileType = sourcecode.c.objc; path = ZHGhostManger.m; sourceTree = "<group>"; };
		9B7AA7717DEDB58251D56AB7 /* ZHHomeBannerView.h */ = {isa = PBXFileReference; fileEncoding = 4; lastKnownFileType = sourcecode.c.h; path = ZHHomeBannerView.h; sourceTree = "<group>"; };
		9B7AA777A38EA96E77DBC400 /* ZHIconTextFiled.h */ = {isa = PBXFileReference; fileEncoding = 4; lastKnownFileType = sourcecode.c.h; path = ZHIconTextFiled.h; sourceTree = "<group>"; };
		9B7AA81439C5F437F0416FE6 /* ZHHomeViewcontroller.m */ = {isa = PBXFileReference; fileEncoding = 4; lastKnownFileType = sourcecode.c.objc; path = ZHHomeViewcontroller.m; sourceTree = "<group>"; };
		9B7AA81EBE2A3E89477984B6 /* ZHBlockConfig.h */ = {isa = PBXFileReference; fileEncoding = 4; lastKnownFileType = sourcecode.c.h; path = ZHBlockConfig.h; sourceTree = "<group>"; };
		9B7AA8CA70B858447B05D5A1 /* ZHGTagsResponsePagination.m */ = {isa = PBXFileReference; fileEncoding = 4; lastKnownFileType = sourcecode.c.objc; path = ZHGTagsResponsePagination.m; sourceTree = "<group>"; };
		9B7AA90065178E9AC2B1F1BB /* ZHGTagsResponseTags.m */ = {isa = PBXFileReference; fileEncoding = 4; lastKnownFileType = sourcecode.c.objc; path = ZHGTagsResponseTags.m; sourceTree = "<group>"; };
		9B7AA952352CAECB4825F2B0 /* HomeItemView.m */ = {isa = PBXFileReference; fileEncoding = 4; lastKnownFileType = sourcecode.c.objc; path = HomeItemView.m; sourceTree = "<group>"; };
		9B7AA9757C5497F3A2CDFF8A /* banner2.jpg */ = {isa = PBXFileReference; lastKnownFileType = image.jpeg; path = banner2.jpg; sourceTree = "<group>"; };
		9B7AA9CC2CC31B4EDC77C6AF /* ZHGContentItemResponseBaseClass.h */ = {isa = PBXFileReference; fileEncoding = 4; lastKnownFileType = sourcecode.c.h; path = ZHGContentItemResponseBaseClass.h; sourceTree = "<group>"; };
		9B7AAA625CCCEDF9ECF9E280 /* ZHTagTableViewCell.h */ = {isa = PBXFileReference; fileEncoding = 4; lastKnownFileType = sourcecode.c.h; path = ZHTagTableViewCell.h; sourceTree = "<group>"; };
		9B7AAA82FCC6D66E3FCB6E25 /* ZHGUserInfoResponseRoles.h */ = {isa = PBXFileReference; fileEncoding = 4; lastKnownFileType = sourcecode.c.h; path = ZHGUserInfoResponseRoles.h; sourceTree = "<group>"; };
		9B7AAA8ADD5423CEA42639C0 /* ZHNavgationView.h */ = {isa = PBXFileReference; fileEncoding = 4; lastKnownFileType = sourcecode.c.h; path = ZHNavgationView.h; sourceTree = "<group>"; };
		9B7AAAA92CA5FCEE968479A7 /* DataModels.h */ = {isa = PBXFileReference; fileEncoding = 4; lastKnownFileType = sourcecode.c.h; path = DataModels.h; sourceTree = "<group>"; };
		9B7AAAD63BE912580E90170E /* ZHGTagsResponseTags.h */ = {isa = PBXFileReference; fileEncoding = 4; lastKnownFileType = sourcecode.c.h; path = ZHGTagsResponseTags.h; sourceTree = "<group>"; };
		9B7AAAF6BED67F571EF01A39 /* ZHGContentItemResponsePagination.h */ = {isa = PBXFileReference; fileEncoding = 4; lastKnownFileType = sourcecode.c.h; path = ZHGContentItemResponsePagination.h; sourceTree = "<group>"; };
		9B7AAB4741ADC41E3474D067 /* StyleKitName.m */ = {isa = PBXFileReference; fileEncoding = 4; lastKnownFileType = sourcecode.c.objc; path = StyleKitName.m; sourceTree = "<group>"; };
		9B7AAB58B8DE751CEE7AAA55 /* ZHGContentItemResponsePosts.m */ = {isa = PBXFileReference; fileEncoding = 4; lastKnownFileType = sourcecode.c.objc; path = ZHGContentItemResponsePosts.m; sourceTree = "<group>"; };
		9B7AAB5F2B672AF5967E97A6 /* DataModels.h */ = {isa = PBXFileReference; fileEncoding = 4; lastKnownFileType = sourcecode.c.h; path = DataModels.h; sourceTree = "<group>"; };
		9B7AAB9A6C447A881AFD298D /* homeIcon@2x.png */ = {isa = PBXFileReference; lastKnownFileType = image.png; path = "homeIcon@2x.png"; sourceTree = "<group>"; };
		9B7AABAC40CDA4126A2FC537 /* PanDeleteButton.m */ = {isa = PBXFileReference; fileEncoding = 4; lastKnownFileType = sourcecode.c.objc; path = PanDeleteButton.m; sourceTree = "<group>"; };
		9B7AABD17176A97BFCFCB02C /* homeIcon@3x.png */ = {isa = PBXFileReference; lastKnownFileType = image.png; path = "homeIcon@3x.png"; sourceTree = "<group>"; };
		9B7AABE2A9258C4A962DCDED /* ZHGTokenResponseBaseClass.h */ = {isa = PBXFileReference; fileEncoding = 4; lastKnownFileType = sourcecode.c.h; path = ZHGTokenResponseBaseClass.h; sourceTree = "<group>"; };
		9B7AABFB4EB63238065454DC /* ZHGTagsResponseBaseClass.h */ = {isa = PBXFileReference; fileEncoding = 4; lastKnownFileType = sourcecode.c.h; path = ZHGTagsResponseBaseClass.h; sourceTree = "<group>"; };
		9B7AAC0AF905D15B59663373 /* homeIcon.png */ = {isa = PBXFileReference; lastKnownFileType = image.png; path = homeIcon.png; sourceTree = "<group>"; };
		9B7AAC3A96EB27F889D73B4F /* ZHCreatTagsResponseTags.m */ = {isa = PBXFileReference; fileEncoding = 4; lastKnownFileType = sourcecode.c.objc; path = ZHCreatTagsResponseTags.m; sourceTree = "<group>"; };
		9B7AAC4BDE580221CAD0A73D /* ZHLoginViewController.h */ = {isa = PBXFileReference; fileEncoding = 4; lastKnownFileType = sourcecode.c.h; path = ZHLoginViewController.h; sourceTree = "<group>"; };
		9B7AACC4E9E55698CBDCD3A8 /* ShowMessageView.h */ = {isa = PBXFileReference; fileEncoding = 4; lastKnownFileType = sourcecode.c.h; path = ShowMessageView.h; sourceTree = "<group>"; };
		9B7AAD0F650F9165204173B9 /* homeIcon.png */ = {isa = PBXFileReference; lastKnownFileType = image.png; path = homeIcon.png; sourceTree = "<group>"; };
		9B7AAD51D609AB70D2670E23 /* ZHGUserInfoResponseBaseClass.m */ = {isa = PBXFileReference; fileEncoding = 4; lastKnownFileType = sourcecode.c.objc; path = ZHGUserInfoResponseBaseClass.m; sourceTree = "<group>"; };
		9B7AAD6A65225E270677BE85 /* ZHGhostManger.h */ = {isa = PBXFileReference; fileEncoding = 4; lastKnownFileType = sourcecode.c.h; path = ZHGhostManger.h; sourceTree = "<group>"; };
		9B7AAD9CD10DC91E46587BE6 /* HomeItemView.h */ = {isa = PBXFileReference; fileEncoding = 4; lastKnownFileType = sourcecode.c.h; path = HomeItemView.h; sourceTree = "<group>"; };
		9B7AADDA4390D4C9BF5758CA /* homeIcon@2x.png */ = {isa = PBXFileReference; lastKnownFileType = image.png; path = "homeIcon@2x.png"; sourceTree = "<group>"; };
		9B7AADE5A60552360F01A5CF /* ZHCreatTagsResponseBaseClass.h */ = {isa = PBXFileReference; fileEncoding = 4; lastKnownFileType = sourcecode.c.h; path = ZHCreatTagsResponseBaseClass.h; sourceTree = "<group>"; };
		9B7AADE7895CE10FF20286CB /* ZHGTagsResponseMeta.h */ = {isa = PBXFileReference; fileEncoding = 4; lastKnownFileType = sourcecode.c.h; path = ZHGTagsResponseMeta.h; sourceTree = "<group>"; };
		9B7AAE10E0FB89E175EF3DDD /* ZHGTagsResponseMeta.m */ = {isa = PBXFileReference; fileEncoding = 4; lastKnownFileType = sourcecode.c.objc; path = ZHGTagsResponseMeta.m; sourceTree = "<group>"; };
		9B7AAE1712DE9A6B52F2E77E /* ZHCreatTagsSubmitBaseClass.m */ = {isa = PBXFileReference; fileEncoding = 4; lastKnownFileType = sourcecode.c.objc; path = ZHCreatTagsSubmitBaseClass.m; sourceTree = "<group>"; };
		9B7AAE26662D966E181C8C85 /* ZHGhostApiConfig.h */ = {isa = PBXFileReference; fileEncoding = 4; lastKnownFileType = sourcecode.c.h; path = ZHGhostApiConfig.h; sourceTree = "<group>"; };
		9B7AAE79ACE5A4A6CA7C1F13 /* ZHGContentItemResponsePosts.h */ = {isa = PBXFileReference; fileEncoding = 4; lastKnownFileType = sourcecode.c.h; path = ZHGContentItemResponsePosts.h; sourceTree = "<group>"; };
		9B7AAE84D2BC7C4F7ADA0138 /* ZHCreatTagsResponseBaseClass.m */ = {isa = PBXFileReference; fileEncoding = 4; lastKnownFileType = sourcecode.c.objc; path = ZHCreatTagsResponseBaseClass.m; sourceTree = "<group>"; };
		9B7AAEA30033D5D804C54303 /* ZHDefine.h */ = {isa = PBXFileReference; fileEncoding = 4; lastKnownFileType = sourcecode.c.h; path = ZHDefine.h; sourceTree = "<group>"; };
		9B7AAED1644793FBE9F22D16 /* ZHGTokenResponseBaseClass.m */ = {isa = PBXFileReference; fileEncoding = 4; lastKnownFileType = sourcecode.c.objc; path = ZHGTokenResponseBaseClass.m; sourceTree = "<group>"; };
		9B7AAF15D5A7401831007DFB /* ZHHomeTableViewCell.h */ = {isa = PBXFileReference; fileEncoding = 4; lastKnownFileType = sourcecode.c.h; path = ZHHomeTableViewCell.h; sourceTree = "<group>"; };
		9B7AAF30E9E361B70D9C9A94 /* banner4.jpg */ = {isa = PBXFileReference; lastKnownFileType = image.jpeg; path = banner4.jpg; sourceTree = "<group>"; };
		9B7AAF3ECF69236538BAC117 /* ZHLoginViewController.m */ = {isa = PBXFileReference; fileEncoding = 4; lastKnownFileType = sourcecode.c.objc; path = ZHLoginViewController.m; sourceTree = "<group>"; };
		9B7AAF43A931129836CDA2EE /* DataModels.h */ = {isa = PBXFileReference; fileEncoding = 4; lastKnownFileType = sourcecode.c.h; path = DataModels.h; sourceTree = "<group>"; };
		9B7AAFB336AE7938CF3B5DAF /* ZHFounction.m */ = {isa = PBXFileReference; fileEncoding = 4; lastKnownFileType = sourcecode.c.objc; path = ZHFounction.m; sourceTree = "<group>"; };
		C19507C31AB951F4000DEA92 /* ZHGhost.app */ = {isa = PBXFileReference; explicitFileType = wrapper.application; includeInIndex = 0; path = ZHGhost.app; sourceTree = BUILT_PRODUCTS_DIR; };
		C19507C71AB951F4000DEA92 /* Info.plist */ = {isa = PBXFileReference; lastKnownFileType = text.plist.xml; path = Info.plist; sourceTree = "<group>"; };
		C19507C81AB951F4000DEA92 /* main.m */ = {isa = PBXFileReference; lastKnownFileType = sourcecode.c.objc; path = main.m; sourceTree = "<group>"; };
		C19507CA1AB951F4000DEA92 /* AppDelegate.h */ = {isa = PBXFileReference; lastKnownFileType = sourcecode.c.h; path = AppDelegate.h; sourceTree = "<group>"; };
		C19507CB1AB951F4000DEA92 /* AppDelegate.m */ = {isa = PBXFileReference; lastKnownFileType = sourcecode.c.objc; path = AppDelegate.m; sourceTree = "<group>"; };
		C19507D11AB951F4000DEA92 /* Base */ = {isa = PBXFileReference; lastKnownFileType = file.storyboard; name = Base; path = Base.lproj/Main.storyboard; sourceTree = "<group>"; };
		C19507D31AB951F4000DEA92 /* Images.xcassets */ = {isa = PBXFileReference; lastKnownFileType = folder.assetcatalog; path = Images.xcassets; sourceTree = "<group>"; };
		C19507D61AB951F4000DEA92 /* Base */ = {isa = PBXFileReference; lastKnownFileType = file.xib; name = Base; path = Base.lproj/LaunchScreen.xib; sourceTree = "<group>"; };
		C19507DC1AB951F4000DEA92 /* ZHGhostTests.xctest */ = {isa = PBXFileReference; explicitFileType = wrapper.cfbundle; includeInIndex = 0; path = ZHGhostTests.xctest; sourceTree = BUILT_PRODUCTS_DIR; };
		C19507E11AB951F4000DEA92 /* Info.plist */ = {isa = PBXFileReference; lastKnownFileType = text.plist.xml; path = Info.plist; sourceTree = "<group>"; };
		C19507E21AB951F4000DEA92 /* ZHGhostTests.m */ = {isa = PBXFileReference; lastKnownFileType = sourcecode.c.objc; path = ZHGhostTests.m; sourceTree = "<group>"; };
/* End PBXFileReference section */

/* Begin PBXFrameworksBuildPhase section */
		C19507C01AB951F4000DEA92 /* Frameworks */ = {
			isa = PBXFrameworksBuildPhase;
			buildActionMask = 2147483647;
			files = (
				C8EC6265D79EB22886964625 /* libPods.a in Frameworks */,
			);
			runOnlyForDeploymentPostprocessing = 0;
		};
		C19507D91AB951F4000DEA92 /* Frameworks */ = {
			isa = PBXFrameworksBuildPhase;
			buildActionMask = 2147483647;
			files = (
			);
			runOnlyForDeploymentPostprocessing = 0;
		};
/* End PBXFrameworksBuildPhase section */

/* Begin PBXGroup section */
		3375EF8122D09C66696303F4 /* Frameworks */ = {
			isa = PBXGroup;
			children = (
				83D5A4DD020E70F8E6273D02 /* libPods.a */,
			);
			name = Frameworks;
			sourceTree = "<group>";
		};
		9B7AA0BA7EE72403322B34E4 /* ZHCreatTagsResponse */ = {
			isa = PBXGroup;
			children = (
				9B7AA0C685BF92A47DDF0675 /* DataModels.h */,
				9B7AA2D6EE109C0A1AD0B167 /* ZHCreatTagsResponseTags.h */,
				9B7AAC3A96EB27F889D73B4F /* ZHCreatTagsResponseTags.m */,
				9B7AADE5A60552360F01A5CF /* ZHCreatTagsResponseBaseClass.h */,
				9B7AAE84D2BC7C4F7ADA0138 /* ZHCreatTagsResponseBaseClass.m */,
			);
			path = ZHCreatTagsResponse;
			sourceTree = "<group>";
		};
		9B7AA362B2312556057043A7 /* ZHGUserInfoResponse */ = {
			isa = PBXGroup;
			children = (
				9B7AAF43A931129836CDA2EE /* DataModels.h */,
				9B7AAA82FCC6D66E3FCB6E25 /* ZHGUserInfoResponseRoles.h */,
				9B7AA0E35DCB0F86E4029141 /* ZHGUserInfoResponseRoles.m */,
				9B7AA44B25AA0C93E8BDEEED /* ZHGUserInfoResponseUsers.h */,
				9B7AA60A1230ACCE91A13A07 /* ZHGUserInfoResponseUsers.m */,
				9B7AA2BAE84612CAB00B745D /* ZHGUserInfoResponseBaseClass.h */,
				9B7AAD51D609AB70D2670E23 /* ZHGUserInfoResponseBaseClass.m */,
			);
			path = ZHGUserInfoResponse;
			sourceTree = "<group>";
		};
		9B7AA49160E336D5B00E9399 /* view */ = {
			isa = PBXGroup;
			children = (
				9B7AACC4E9E55698CBDCD3A8 /* ShowMessageView.h */,
				9B7AA3713EB69DAAC7D8B542 /* ShowMessageView.m */,
				9B7AA1958D55B0F99A55E5E5 /* ZHNavgationView.m */,
				9B7AAA8ADD5423CEA42639C0 /* ZHNavgationView.h */,
				9B7AA952352CAECB4825F2B0 /* HomeItemView.m */,
				9B7AAD9CD10DC91E46587BE6 /* HomeItemView.h */,
				9B7AA7717DEDB58251D56AB7 /* ZHHomeBannerView.h */,
				9B7AA41B2E5065FD8E83C8E0 /* ZHHomeBannerView.m */,
				9B7AA4514A54EE90343D2D2A /* PanDeleteButton.h */,
				9B7AABAC40CDA4126A2FC537 /* PanDeleteButton.m */,
				9B7AA5259DB354FD25FA8EA6 /* login */,
			);
			path = view;
			sourceTree = "<group>";
		};
		9B7AA4D1AA97F1B2F74AEE5A /* ZHFailed */ = {
			isa = PBXGroup;
			children = (
				9B7AA5B50B88E27399617A67 /* DataModels.h */,
				9B7AA07E279722E164F77595 /* ZHFailedErrors.h */,
				9B7AA176A019649EEF765D1C /* ZHFailedErrors.m */,
				9B7AA2888D0D9B2FB12BCF9A /* ZHFailedBaseClass.h */,
				9B7AA0AF89185180562BF70A /* ZHFailedBaseClass.m */,
			);
			path = ZHFailed;
			sourceTree = "<group>";
		};
		9B7AA4D54C38085C10C9C906 /* model */ = {
			isa = PBXGroup;
			children = (
				9B7AAD8FA9C3BF9AC0808B40 /* submit */,
				9B7AA981C78A716403D4E430 /* response */,
			);
			path = model;
			sourceTree = "<group>";
		};
		9B7AA5259DB354FD25FA8EA6 /* login */ = {
			isa = PBXGroup;
			children = (
				9B7AA6A9E29F2D4B3BA93845 /* ZHIconTextFiled.m */,
				9B7AA777A38EA96E77DBC400 /* ZHIconTextFiled.h */,
			);
			path = login;
			sourceTree = "<group>";
		};
		9B7AA5E5FFEF2C9D59AAC1ED /* ZHGTagsResponse */ = {
			isa = PBXGroup;
			children = (
				9B7AAB5F2B672AF5967E97A6 /* DataModels.h */,
				9B7AADE7895CE10FF20286CB /* ZHGTagsResponseMeta.h */,
				9B7AAE10E0FB89E175EF3DDD /* ZHGTagsResponseMeta.m */,
				9B7AAAD63BE912580E90170E /* ZHGTagsResponseTags.h */,
				9B7AA90065178E9AC2B1F1BB /* ZHGTagsResponseTags.m */,
				9B7AABFB4EB63238065454DC /* ZHGTagsResponseBaseClass.h */,
				9B7AA65A08D3CB4C34D0BA87 /* ZHGTagsResponseBaseClass.m */,
				9B7AA40D5522521317F997C5 /* ZHGTagsResponsePagination.h */,
				9B7AA8CA70B858447B05D5A1 /* ZHGTagsResponsePagination.m */,
			);
			path = ZHGTagsResponse;
			sourceTree = "<group>";
		};
		9B7AA632322DC6356F50E383 /* ZHGContentItemResponse */ = {
			isa = PBXGroup;
			children = (
				9B7AA14820D789FB1ECEA4A8 /* DataModels.h */,
				9B7AA03258556A791BBCB371 /* ZHGContentItemResponseMeta.h */,
				9B7AA0B3B578A741B0774EA8 /* ZHGContentItemResponseMeta.m */,
				9B7AAE79ACE5A4A6CA7C1F13 /* ZHGContentItemResponsePosts.h */,
				9B7AAB58B8DE751CEE7AAA55 /* ZHGContentItemResponsePosts.m */,
				9B7AA9CC2CC31B4EDC77C6AF /* ZHGContentItemResponseBaseClass.h */,
				9B7AA3F5612B74E7EF8B645C /* ZHGContentItemResponseBaseClass.m */,
				9B7AAAF6BED67F571EF01A39 /* ZHGContentItemResponsePagination.h */,
				9B7AA4C6DE0DD10A1606DC2B /* ZHGContentItemResponsePagination.m */,
			);
			path = ZHGContentItemResponse;
			sourceTree = "<group>";
		};
		9B7AA8C87C36ED243A96D5B0 /* images */ = {
			isa = PBXGroup;
			children = (
				9B7AAC0AF905D15B59663373 /* homeIcon.png */,
				9B7AADDA4390D4C9BF5758CA /* homeIcon@2x.png */,
				9B7AA1506721480E1506B6D8 /* homeIcon@3x.png */,
			);
			path = images;
			sourceTree = "<group>";
		};
		9B7AA92D20426F0A262D1B8E /* ZHGTokenResponse */ = {
			isa = PBXGroup;
			children = (
				9B7AAAA92CA5FCEE968479A7 /* DataModels.h */,
				9B7AABE2A9258C4A962DCDED /* ZHGTokenResponseBaseClass.h */,
				9B7AAED1644793FBE9F22D16 /* ZHGTokenResponseBaseClass.m */,
			);
			path = ZHGTokenResponse;
			sourceTree = "<group>";
		};
		9B7AA981C78A716403D4E430 /* response */ = {
			isa = PBXGroup;
			children = (
				9B7AA92D20426F0A262D1B8E /* ZHGTokenResponse */,
				9B7AA4D1AA97F1B2F74AEE5A /* ZHFailed */,
				9B7AA362B2312556057043A7 /* ZHGUserInfoResponse */,
				9B7AA632322DC6356F50E383 /* ZHGContentItemResponse */,
				9B7AA5E5FFEF2C9D59AAC1ED /* ZHGTagsResponse */,
				9B7AA0BA7EE72403322B34E4 /* ZHCreatTagsResponse */,
			);
			path = response;
			sourceTree = "<group>";
		};
		9B7AAB2F84D470D4507F8DA3 /* ZHCreatTagsSubmit */ = {
			isa = PBXGroup;
			children = (
				9B7AA5BBCDD78181A93E4D7D /* DataModels.h */,
				9B7AA069BF4FF65BBCC6AD1B /* ZHCreatTagsSubmitBaseClass.h */,
				9B7AAE1712DE9A6B52F2E77E /* ZHCreatTagsSubmitBaseClass.m */,
			);
			path = ZHCreatTagsSubmit;
			sourceTree = "<group>";
		};
		9B7AABE3F013A321E7CCEF79 /* founction */ = {
			isa = PBXGroup;
			children = (
				9B7AA2365E24BDEA02AB2A4A /* ZHFounction.h */,
				9B7AAFB336AE7938CF3B5DAF /* ZHFounction.m */,
				9B7AAEA30033D5D804C54303 /* ZHDefine.h */,
			);
			path = founction;
			sourceTree = "<group>";
		};
		9B7AABF549917389273A83B0 /* images */ = {
			isa = PBXGroup;
			children = (
				9B7AA13A0A93870137608A1B /* banner1.jpg */,
				9B7AA9757C5497F3A2CDFF8A /* banner2.jpg */,
				9B7AA01715D488C73D795E0B /* banner3.jpg */,
				9B7AAF30E9E361B70D9C9A94 /* banner4.jpg */,
			);
			path = images;
			sourceTree = "<group>";
		};
		9B7AAC79BD274988EE3C1940 /* controller */ = {
			isa = PBXGroup;
			children = (
				9B7AA1E1279867D33EC941C5 /* ViewController.m */,
				9B7AA0EF9888D9F662AE6482 /* ViewController.h */,
				9B7AA3E2C5F1113BEA2FD6FE /* ZHBaseViewController.h */,
				9B7AA19131C2F01F8005FC95 /* ZHBaseViewController.m */,
				9B7AA81439C5F437F0416FE6 /* ZHHomeViewcontroller.m */,
				9B7AA6C72597CEDFF667EFE9 /* ZHHomeViewcontroller.h */,
				9B7AAF3ECF69236538BAC117 /* ZHLoginViewController.m */,
				9B7AAC4BDE580221CAD0A73D /* ZHLoginViewController.h */,
				9B7AA18E0D6A0CEA6098FA75 /* ZHTagsController.m */,
				9B7AA6BC63894BF35FB10173 /* ZHTagsController.h */,
			);
			path = controller;
			sourceTree = "<group>";
		};
		9B7AAC87E3CEDB0FF4518FD4 /* paintcode */ = {
			isa = PBXGroup;
			children = (
				9B7AA8C87C36ED243A96D5B0 /* images */,
				9B7AA6A0DDCA2C16B4758CD1 /* ghost.pcvd */,
				9B7AAD0F650F9165204173B9 /* homeIcon.png */,
				9B7AA39EB10DC2D03CE55868 /* StyleKitName.h */,
				9B7AAB4741ADC41E3474D067 /* StyleKitName.m */,
				9B7AAB9A6C447A881AFD298D /* homeIcon@2x.png */,
				9B7AABD17176A97BFCFCB02C /* homeIcon@3x.png */,
			);
			path = paintcode;
			sourceTree = "<group>";
		};
		9B7AAD8FA9C3BF9AC0808B40 /* submit */ = {
			isa = PBXGroup;
			children = (
				9B7AAB2F84D470D4507F8DA3 /* ZHCreatTagsSubmit */,
			);
			path = submit;
			sourceTree = "<group>";
		};
		9B7AAD98A402480653CBDB39 /* cell */ = {
			isa = PBXGroup;
			children = (
				9B7AA2169F59E0653B77F6A0 /* ZHHomeTableViewCell.m */,
				9B7AAF15D5A7401831007DFB /* ZHHomeTableViewCell.h */,
				9B7AA05C5701CDEE4685CCD7 /* ZHTagTableViewCell.m */,
				9B7AAA625CCCEDF9ECF9E280 /* ZHTagTableViewCell.h */,
			);
			path = cell;
			sourceTree = "<group>";
		};
		9B7AAFF5414250E14DC9F67D /* ZHGhost */ = {
			isa = PBXGroup;
			children = (
				9B7AAD6A65225E270677BE85 /* ZHGhostManger.h */,
				9B7AA6D1CC8ADA228CDE9C1E /* ZHGhostManger.m */,
				9B7AAE26662D966E181C8C85 /* ZHGhostApiConfig.h */,
				9B7AA4D54C38085C10C9C906 /* model */,
				9B7AA81EBE2A3E89477984B6 /* ZHBlockConfig.h */,
			);
			path = ZHGhost;
			sourceTree = "<group>";
		};
		9E4E2B076EDE64A0C855768D /* Pods */ = {
			isa = PBXGroup;
			children = (
				860D2FB4614DDB339737D6A6 /* Pods.debug.xcconfig */,
				6A398DC3A28966382244D916 /* Pods.release.xcconfig */,
			);
			name = Pods;
			sourceTree = "<group>";
		};
		C19507BA1AB951F4000DEA92 = {
			isa = PBXGroup;
			children = (
				C19507C51AB951F4000DEA92 /* ZHGhost */,
				C19507DF1AB951F4000DEA92 /* ZHGhostTests */,
				C19507C41AB951F4000DEA92 /* Products */,
				9E4E2B076EDE64A0C855768D /* Pods */,
				3375EF8122D09C66696303F4 /* Frameworks */,
			);
			sourceTree = "<group>";
		};
		C19507C41AB951F4000DEA92 /* Products */ = {
			isa = PBXGroup;
			children = (
				C19507C31AB951F4000DEA92 /* ZHGhost.app */,
				C19507DC1AB951F4000DEA92 /* ZHGhostTests.xctest */,
			);
			name = Products;
			sourceTree = "<group>";
		};
		C19507C51AB951F4000DEA92 /* ZHGhost */ = {
			isa = PBXGroup;
			children = (
				C19507CA1AB951F4000DEA92 /* AppDelegate.h */,
				C19507CB1AB951F4000DEA92 /* AppDelegate.m */,
				C19507D01AB951F4000DEA92 /* Main.storyboard */,
				C19507D31AB951F4000DEA92 /* Images.xcassets */,
				C19507D51AB951F4000DEA92 /* LaunchScreen.xib */,
				C19507C61AB951F4000DEA92 /* Supporting Files */,
				9B7AAFF5414250E14DC9F67D /* ZHGhost */,
				9B7AAC79BD274988EE3C1940 /* controller */,
				9B7AA49160E336D5B00E9399 /* view */,
				9B7AABE3F013A321E7CCEF79 /* founction */,
				9B7AAC87E3CEDB0FF4518FD4 /* paintcode */,
				9B7AABF549917389273A83B0 /* images */,
				9B7AAD98A402480653CBDB39 /* cell */,
			);
			path = ZHGhost;
			sourceTree = "<group>";
		};
		C19507C61AB951F4000DEA92 /* Supporting Files */ = {
			isa = PBXGroup;
			children = (
				C19507C71AB951F4000DEA92 /* Info.plist */,
				C19507C81AB951F4000DEA92 /* main.m */,
			);
			name = "Supporting Files";
			sourceTree = "<group>";
		};
		C19507DF1AB951F4000DEA92 /* ZHGhostTests */ = {
			isa = PBXGroup;
			children = (
				C19507E21AB951F4000DEA92 /* ZHGhostTests.m */,
				C19507E01AB951F4000DEA92 /* Supporting Files */,
			);
			path = ZHGhostTests;
			sourceTree = "<group>";
		};
		C19507E01AB951F4000DEA92 /* Supporting Files */ = {
			isa = PBXGroup;
			children = (
				C19507E11AB951F4000DEA92 /* Info.plist */,
			);
			name = "Supporting Files";
			sourceTree = "<group>";
		};
/* End PBXGroup section */

/* Begin PBXNativeTarget section */
		C19507C21AB951F4000DEA92 /* ZHGhost */ = {
			isa = PBXNativeTarget;
			buildConfigurationList = C19507E61AB951F4000DEA92 /* Build configuration list for PBXNativeTarget "ZHGhost" */;
			buildPhases = (
				D130D87EEA7C560A81B829F6 /* Check Pods Manifest.lock */,
				C19507BF1AB951F4000DEA92 /* Sources */,
				C19507C01AB951F4000DEA92 /* Frameworks */,
				C19507C11AB951F4000DEA92 /* Resources */,
				DC43C19227B22A8F2E7C2BAD /* Copy Pods Resources */,
			);
			buildRules = (
			);
			dependencies = (
			);
			name = ZHGhost;
			productName = ZHGhost;
			productReference = C19507C31AB951F4000DEA92 /* ZHGhost.app */;
			productType = "com.apple.product-type.application";
		};
		C19507DB1AB951F4000DEA92 /* ZHGhostTests */ = {
			isa = PBXNativeTarget;
			buildConfigurationList = C19507E91AB951F4000DEA92 /* Build configuration list for PBXNativeTarget "ZHGhostTests" */;
			buildPhases = (
				C19507D81AB951F4000DEA92 /* Sources */,
				C19507D91AB951F4000DEA92 /* Frameworks */,
				C19507DA1AB951F4000DEA92 /* Resources */,
			);
			buildRules = (
			);
			dependencies = (
				C19507DE1AB951F4000DEA92 /* PBXTargetDependency */,
			);
			name = ZHGhostTests;
			productName = ZHGhostTests;
			productReference = C19507DC1AB951F4000DEA92 /* ZHGhostTests.xctest */;
			productType = "com.apple.product-type.bundle.unit-test";
		};
/* End PBXNativeTarget section */

/* Begin PBXProject section */
		C19507BB1AB951F4000DEA92 /* Project object */ = {
			isa = PBXProject;
			attributes = {
				LastUpgradeCheck = 0620;
				ORGANIZATIONNAME = hangzhang;
				TargetAttributes = {
					C19507C21AB951F4000DEA92 = {
						CreatedOnToolsVersion = 6.2;
					};
					C19507DB1AB951F4000DEA92 = {
						CreatedOnToolsVersion = 6.2;
						TestTargetID = C19507C21AB951F4000DEA92;
					};
				};
			};
			buildConfigurationList = C19507BE1AB951F4000DEA92 /* Build configuration list for PBXProject "ZHGhost" */;
			compatibilityVersion = "Xcode 3.2";
			developmentRegion = English;
			hasScannedForEncodings = 0;
			knownRegions = (
				en,
				Base,
			);
			mainGroup = C19507BA1AB951F4000DEA92;
			productRefGroup = C19507C41AB951F4000DEA92 /* Products */;
			projectDirPath = "";
			projectRoot = "";
			targets = (
				C19507C21AB951F4000DEA92 /* ZHGhost */,
				C19507DB1AB951F4000DEA92 /* ZHGhostTests */,
			);
		};
/* End PBXProject section */

/* Begin PBXResourcesBuildPhase section */
		C19507C11AB951F4000DEA92 /* Resources */ = {
			isa = PBXResourcesBuildPhase;
			buildActionMask = 2147483647;
			files = (
				C19507D21AB951F4000DEA92 /* Main.storyboard in Resources */,
				C19507D71AB951F4000DEA92 /* LaunchScreen.xib in Resources */,
				C19507D41AB951F4000DEA92 /* Images.xcassets in Resources */,
				9B7AA047EE3D77F5385F4925 /* homeIcon.png in Resources */,
				9B7AA8B2F0537043E180D9F3 /* homeIcon@2x.png in Resources */,
				9B7AACA7856247C64118038B /* homeIcon@3x.png in Resources */,
				9B7AA19312D715B43A310E5D /* ghost.pcvd in Resources */,
				9B7AAD2F65F4F814AB9E5292 /* homeIcon.png in Resources */,
				9B7AA2DCC478A4B0CE500D4F /* homeIcon@2x.png in Resources */,
				9B7AA4CB688486BDD0A8D398 /* homeIcon@3x.png in Resources */,
				9B7AA474431078194E6DEA24 /* banner1.jpg in Resources */,
				9B7AAFAB72DEDE9AA3487A53 /* banner2.jpg in Resources */,
				9B7AA28B39CB34A2963CE184 /* banner3.jpg in Resources */,
				9B7AA0168F83502EBB553C95 /* banner4.jpg in Resources */,
			);
			runOnlyForDeploymentPostprocessing = 0;
		};
		C19507DA1AB951F4000DEA92 /* Resources */ = {
			isa = PBXResourcesBuildPhase;
			buildActionMask = 2147483647;
			files = (
			);
			runOnlyForDeploymentPostprocessing = 0;
		};
/* End PBXResourcesBuildPhase section */

/* Begin PBXShellScriptBuildPhase section */
		D130D87EEA7C560A81B829F6 /* Check Pods Manifest.lock */ = {
			isa = PBXShellScriptBuildPhase;
			buildActionMask = 2147483647;
			files = (
			);
			inputPaths = (
			);
			name = "Check Pods Manifest.lock";
			outputPaths = (
			);
			runOnlyForDeploymentPostprocessing = 0;
			shellPath = /bin/sh;
			shellScript = "diff \"${PODS_ROOT}/../Podfile.lock\" \"${PODS_ROOT}/Manifest.lock\" > /dev/null\nif [[ $? != 0 ]] ; then\n    cat << EOM\nerror: The sandbox is not in sync with the Podfile.lock. Run 'pod install' or update your CocoaPods installation.\nEOM\n    exit 1\nfi\n";
			showEnvVarsInLog = 0;
		};
		DC43C19227B22A8F2E7C2BAD /* Copy Pods Resources */ = {
			isa = PBXShellScriptBuildPhase;
			buildActionMask = 2147483647;
			files = (
			);
			inputPaths = (
			);
			name = "Copy Pods Resources";
			outputPaths = (
			);
			runOnlyForDeploymentPostprocessing = 0;
			shellPath = /bin/sh;
			shellScript = "\"${SRCROOT}/Pods/Target Support Files/Pods/Pods-resources.sh\"\n";
			showEnvVarsInLog = 0;
		};
/* End PBXShellScriptBuildPhase section */

/* Begin PBXSourcesBuildPhase section */
		C19507BF1AB951F4000DEA92 /* Sources */ = {
			isa = PBXSourcesBuildPhase;
			buildActionMask = 2147483647;
			files = (
				C19507CC1AB951F4000DEA92 /* AppDelegate.m in Sources */,
				C19507C91AB951F4000DEA92 /* main.m in Sources */,
				9B7AAB8AAA52495C9EE81B9D /* ZHGhostManger.m in Sources */,
				9B7AA4B2DE6C6D471720314E /* ZHGTokenResponseBaseClass.m in Sources */,
				9B7AA12B3469F5E323B62270 /* ZHFailedErrors.m in Sources */,
				9B7AAD4E8ECDE0DB5F0CBF8F /* ZHFailedBaseClass.m in Sources */,
				9B7AAAF6C20E11A83BEFB672 /* ViewController.m in Sources */,
				9B7AA2B7F8DC0834C813275F /* ZHFounction.m in Sources */,
				9B7AAB4C12C6E1A082C6319C /* ZHBaseViewController.m in Sources */,
				9B7AA4DB99ACBA4957A6ED1A /* ShowMessageView.m in Sources */,
				9B7AAC0BD47596D982A964DE /* ZHNavgationView.m in Sources */,
				9B7AAE5E57A83C840249C5C3 /* HomeItemView.m in Sources */,
				9B7AABDBD621C2AEB9816ED5 /* StyleKitName.m in Sources */,
				9B7AACF9E762B85EEF07E179 /* ZHHomeViewcontroller.m in Sources */,
				9B7AA8F266ADF950AFC374DF /* ZHHomeBannerView.m in Sources */,
				9B7AABA46E4F142DB36ECD24 /* PanDeleteButton.m in Sources */,
				9B7AABBC3A7188859282C093 /* ZHGUserInfoResponseRoles.m in Sources */,
				9B7AA649001C8F03CA32277C /* ZHGUserInfoResponseUsers.m in Sources */,
				9B7AAEBA1DD9096BC8090998 /* ZHGUserInfoResponseBaseClass.m in Sources */,
				9B7AA87283C78DDB7F28753C /* ZHLoginViewController.m in Sources */,
				9B7AA9C16AA6D2A0E10C1710 /* ZHIconTextFiled.m in Sources */,
				9B7AA4B0ECF7ADF5F3FF3FF7 /* ZHGContentItemResponseMeta.m in Sources */,
				9B7AAF6117F7F22493C5E612 /* ZHGContentItemResponsePosts.m in Sources */,
				9B7AA76F60AF3455428F1C59 /* ZHGContentItemResponseBaseClass.m in Sources */,
				9B7AA0C4CCB74C7297F4DC10 /* ZHGContentItemResponsePagination.m in Sources */,
				9B7AA89DA309429AC9E6E16A /* ZHHomeTableViewCell.m in Sources */,
				9B7AAD0FE760623CB812EE77 /* ZHGTagsResponseMeta.m in Sources */,
				9B7AA602AB71CD05DD6F5A41 /* ZHGTagsResponseTags.m in Sources */,
				9B7AA894734796065BBB76EB /* ZHGTagsResponseBaseClass.m in Sources */,
				9B7AAEFEF7E7B70673A4B489 /* ZHGTagsResponsePagination.m in Sources */,
				9B7AA82220BF22D9820CECBA /* ZHTagsController.m in Sources */,
				9B7AA04339F2238BA5C77484 /* ZHTagTableViewCell.m in Sources */,
				9B7AAEC61953E25F54091EB8 /* ZHCreatTagsSubmitBaseClass.m in Sources */,
				9B7AA907515E59CFDCD15BFA /* ZHCreatTagsResponseTags.m in Sources */,
				9B7AA7E2FD0FE38C7C850DA2 /* ZHCreatTagsResponseBaseClass.m in Sources */,
			);
			runOnlyForDeploymentPostprocessing = 0;
		};
		C19507D81AB951F4000DEA92 /* Sources */ = {
			isa = PBXSourcesBuildPhase;
			buildActionMask = 2147483647;
			files = (
				C19507E31AB951F4000DEA92 /* ZHGhostTests.m in Sources */,
			);
			runOnlyForDeploymentPostprocessing = 0;
		};
/* End PBXSourcesBuildPhase section */

/* Begin PBXTargetDependency section */
		C19507DE1AB951F4000DEA92 /* PBXTargetDependency */ = {
			isa = PBXTargetDependency;
			target = C19507C21AB951F4000DEA92 /* ZHGhost */;
			targetProxy = C19507DD1AB951F4000DEA92 /* PBXContainerItemProxy */;
		};
/* End PBXTargetDependency section */

/* Begin PBXVariantGroup section */
		C19507D01AB951F4000DEA92 /* Main.storyboard */ = {
			isa = PBXVariantGroup;
			children = (
				C19507D11AB951F4000DEA92 /* Base */,
			);
			name = Main.storyboard;
			sourceTree = "<group>";
		};
		C19507D51AB951F4000DEA92 /* LaunchScreen.xib */ = {
			isa = PBXVariantGroup;
			children = (
				C19507D61AB951F4000DEA92 /* Base */,
			);
			name = LaunchScreen.xib;
			sourceTree = "<group>";
		};
/* End PBXVariantGroup section */

/* Begin XCBuildConfiguration section */
		C19507E41AB951F4000DEA92 /* Debug */ = {
			isa = XCBuildConfiguration;
			buildSettings = {
				ALWAYS_SEARCH_USER_PATHS = NO;
				CLANG_CXX_LANGUAGE_STANDARD = "gnu++0x";
				CLANG_CXX_LIBRARY = "libc++";
				CLANG_ENABLE_MODULES = YES;
				CLANG_ENABLE_OBJC_ARC = YES;
				CLANG_WARN_BOOL_CONVERSION = YES;
				CLANG_WARN_CONSTANT_CONVERSION = YES;
				CLANG_WARN_DIRECT_OBJC_ISA_USAGE = YES_ERROR;
				CLANG_WARN_EMPTY_BODY = YES;
				CLANG_WARN_ENUM_CONVERSION = YES;
				CLANG_WARN_INT_CONVERSION = YES;
				CLANG_WARN_OBJC_ROOT_CLASS = YES_ERROR;
				CLANG_WARN_UNREACHABLE_CODE = YES;
				CLANG_WARN__DUPLICATE_METHOD_MATCH = YES;
				"CODE_SIGN_IDENTITY[sdk=iphoneos*]" = "iPhone Developer";
				COPY_PHASE_STRIP = NO;
				ENABLE_STRICT_OBJC_MSGSEND = YES;
				GCC_C_LANGUAGE_STANDARD = gnu99;
				GCC_DYNAMIC_NO_PIC = NO;
				GCC_OPTIMIZATION_LEVEL = 0;
				GCC_PREPROCESSOR_DEFINITIONS = (
					"DEBUG=1",
					"$(inherited)",
				);
				GCC_SYMBOLS_PRIVATE_EXTERN = NO;
				GCC_WARN_64_TO_32_BIT_CONVERSION = YES;
				GCC_WARN_ABOUT_RETURN_TYPE = YES_ERROR;
				GCC_WARN_UNDECLARED_SELECTOR = YES;
				GCC_WARN_UNINITIALIZED_AUTOS = YES_AGGRESSIVE;
				GCC_WARN_UNUSED_FUNCTION = YES;
				GCC_WARN_UNUSED_VARIABLE = YES;
				IPHONEOS_DEPLOYMENT_TARGET = 8.2;
				MTL_ENABLE_DEBUG_INFO = YES;
				ONLY_ACTIVE_ARCH = YES;
				SDKROOT = iphoneos;
			};
			name = Debug;
		};
		C19507E51AB951F4000DEA92 /* Release */ = {
			isa = XCBuildConfiguration;
			buildSettings = {
				ALWAYS_SEARCH_USER_PATHS = NO;
				CLANG_CXX_LANGUAGE_STANDARD = "gnu++0x";
				CLANG_CXX_LIBRARY = "libc++";
				CLANG_ENABLE_MODULES = YES;
				CLANG_ENABLE_OBJC_ARC = YES;
				CLANG_WARN_BOOL_CONVERSION = YES;
				CLANG_WARN_CONSTANT_CONVERSION = YES;
				CLANG_WARN_DIRECT_OBJC_ISA_USAGE = YES_ERROR;
				CLANG_WARN_EMPTY_BODY = YES;
				CLANG_WARN_ENUM_CONVERSION = YES;
				CLANG_WARN_INT_CONVERSION = YES;
				CLANG_WARN_OBJC_ROOT_CLASS = YES_ERROR;
				CLANG_WARN_UNREACHABLE_CODE = YES;
				CLANG_WARN__DUPLICATE_METHOD_MATCH = YES;
				"CODE_SIGN_IDENTITY[sdk=iphoneos*]" = "iPhone Developer";
				COPY_PHASE_STRIP = NO;
				ENABLE_NS_ASSERTIONS = NO;
				ENABLE_STRICT_OBJC_MSGSEND = YES;
				GCC_C_LANGUAGE_STANDARD = gnu99;
				GCC_WARN_64_TO_32_BIT_CONVERSION = YES;
				GCC_WARN_ABOUT_RETURN_TYPE = YES_ERROR;
				GCC_WARN_UNDECLARED_SELECTOR = YES;
				GCC_WARN_UNINITIALIZED_AUTOS = YES_AGGRESSIVE;
				GCC_WARN_UNUSED_FUNCTION = YES;
				GCC_WARN_UNUSED_VARIABLE = YES;
				IPHONEOS_DEPLOYMENT_TARGET = 8.2;
				MTL_ENABLE_DEBUG_INFO = NO;
				SDKROOT = iphoneos;
				VALIDATE_PRODUCT = YES;
			};
			name = Release;
		};
		C19507E71AB951F4000DEA92 /* Debug */ = {
			isa = XCBuildConfiguration;
			baseConfigurationReference = 860D2FB4614DDB339737D6A6 /* Pods.debug.xcconfig */;
			buildSettings = {
				ASSETCATALOG_COMPILER_APPICON_NAME = AppIcon;
				INFOPLIST_FILE = ZHGhost/Info.plist;
				IPHONEOS_DEPLOYMENT_TARGET = 7.0;
				LD_RUNPATH_SEARCH_PATHS = "$(inherited) @executable_path/Frameworks";
				PRODUCT_NAME = "$(TARGET_NAME)";
			};
			name = Debug;
		};
		C19507E81AB951F4000DEA92 /* Release */ = {
			isa = XCBuildConfiguration;
			baseConfigurationReference = 6A398DC3A28966382244D916 /* Pods.release.xcconfig */;
			buildSettings = {
				ASSETCATALOG_COMPILER_APPICON_NAME = AppIcon;
				INFOPLIST_FILE = ZHGhost/Info.plist;
				IPHONEOS_DEPLOYMENT_TARGET = 7.0;
				LD_RUNPATH_SEARCH_PATHS = "$(inherited) @executable_path/Frameworks";
				PRODUCT_NAME = "$(TARGET_NAME)";
			};
			name = Release;
		};
		C19507EA1AB951F4000DEA92 /* Debug */ = {
			isa = XCBuildConfiguration;
			buildSettings = {
				BUNDLE_LOADER = "$(TEST_HOST)";
				FRAMEWORK_SEARCH_PATHS = (
					"$(SDKROOT)/Developer/Library/Frameworks",
					"$(inherited)",
				);
				GCC_PREPROCESSOR_DEFINITIONS = (
					"DEBUG=1",
					"$(inherited)",
				);
				INFOPLIST_FILE = ZHGhostTests/Info.plist;
				LD_RUNPATH_SEARCH_PATHS = "$(inherited) @executable_path/Frameworks @loader_path/Frameworks";
				PRODUCT_NAME = "$(TARGET_NAME)";
				TEST_HOST = "$(BUILT_PRODUCTS_DIR)/ZHGhost.app/ZHGhost";
			};
			name = Debug;
		};
		C19507EB1AB951F4000DEA92 /* Release */ = {
			isa = XCBuildConfiguration;
			buildSettings = {
				BUNDLE_LOADER = "$(TEST_HOST)";
				FRAMEWORK_SEARCH_PATHS = (
					"$(SDKROOT)/Developer/Library/Frameworks",
					"$(inherited)",
				);
				INFOPLIST_FILE = ZHGhostTests/Info.plist;
				LD_RUNPATH_SEARCH_PATHS = "$(inherited) @executable_path/Frameworks @loader_path/Frameworks";
				PRODUCT_NAME = "$(TARGET_NAME)";
				TEST_HOST = "$(BUILT_PRODUCTS_DIR)/ZHGhost.app/ZHGhost";
			};
			name = Release;
		};
/* End XCBuildConfiguration section */

/* Begin XCConfigurationList section */
		C19507BE1AB951F4000DEA92 /* Build configuration list for PBXProject "ZHGhost" */ = {
			isa = XCConfigurationList;
			buildConfigurations = (
				C19507E41AB951F4000DEA92 /* Debug */,
				C19507E51AB951F4000DEA92 /* Release */,
			);
			defaultConfigurationIsVisible = 0;
			defaultConfigurationName = Release;
		};
		C19507E61AB951F4000DEA92 /* Build configuration list for PBXNativeTarget "ZHGhost" */ = {
			isa = XCConfigurationList;
			buildConfigurations = (
				C19507E71AB951F4000DEA92 /* Debug */,
				C19507E81AB951F4000DEA92 /* Release */,
			);
			defaultConfigurationIsVisible = 0;
			defaultConfigurationName = Release;
		};
		C19507E91AB951F4000DEA92 /* Build configuration list for PBXNativeTarget "ZHGhostTests" */ = {
			isa = XCConfigurationList;
			buildConfigurations = (
				C19507EA1AB951F4000DEA92 /* Debug */,
				C19507EB1AB951F4000DEA92 /* Release */,
			);
			defaultConfigurationIsVisible = 0;
			defaultConfigurationName = Release;
		};
/* End XCConfigurationList section */
	};
	rootObject = C19507BB1AB951F4000DEA92 /* Project object */;
}
